{
  "pins" : [
    {
      "identity" : "vcore",
      "kind" : "remoteSourceControl",
      "location" : "https://github.com/VakhoKontridze/VCore",
      "state" : {
        "branch" : "v4.0.0-beta",
        "revision" : "dbc5a5d6bce6df4c131c11b8b52bf4f2a81cadc9"
      }
    }
  ],
  "version" : 2
}
