{
  "pins" : [
    {
      "identity" : "vcore",
      "kind" : "remoteSourceControl",
      "location" : "https://github.com/VakhoKontridze/VCore",
      "state" : {
        "branch" : "v4.0.0-beta",
        "revision" : "0696cc4c011c88196db9e7351090f88784a76f72"
      }
    }
  ],
  "version" : 2
}
