{
  "pins" : [
    {
      "identity" : "vcore",
      "kind" : "remoteSourceControl",
      "location" : "https://github.com/VakhoKontridze/VCore",
      "state" : {
        "branch" : "v4.0.0-beta",
        "revision" : "7396edd705cdd9de22436ad433d0852a02066ec9"
      }
    }
  ],
  "version" : 2
}
