{
  "originHash" : "ecead06ca240381fb9b54e4a48c8db54fac3fff4a0a134c055b35850f7d260e1",
  "pins" : [
    {
      "identity" : "swift-syntax",
      "kind" : "remoteSourceControl",
      "location" : "https://github.com/swiftlang/swift-syntax",
      "state" : {
        "revision" : "79e4b74a295b6eb74a8b585e3a39d29e70c1dbd1",
        "version" : "603.0.2"
      }
    },
    {
      "identity" : "vcore",
      "kind" : "remoteSourceControl",
      "location" : "https://github.com/VakhoKontridze/VCore",
      "state" : {
        "revision" : "20d0bd6e8aa2a86cc5183ad5fff4d4a10630824d",
        "version" : "9.0.0"
      }
    }
  ],
  "version" : 3
}
