{
  "pins" : [
    {
      "identity" : "swift-syntax",
      "kind" : "remoteSourceControl",
      "location" : "https://github.com/apple/swift-syntax.git",
      "state" : {
        "revision" : "64889f0c732f210a935a0ad7cda38f77f876262d",
        "version" : "509.1.1"
      }
    },
    {
      "identity" : "vcore",
      "kind" : "remoteSourceControl",
      "location" : "https://github.com/VakhoKontridze/VCore",
      "state" : {
        "branch" : "feature-6.0.0",
        "revision" : "5dadac40912b333c0e5639af194ed42abb627001"
      }
    }
  ],
  "version" : 2
}
