{
  "pins" : [
    {
      "identity" : "swift-syntax",
      "kind" : "remoteSourceControl",
      "location" : "https://github.com/apple/swift-syntax.git",
      "state" : {
        "revision" : "43c802fb7f96e090dde015344a94b5e85779eff1",
        "version" : "509.1.0"
      }
    },
    {
      "identity" : "vcore",
      "kind" : "remoteSourceControl",
      "location" : "https://github.com/VakhoKontridze/VCore",
      "state" : {
        "revision" : "4e7feae1fbbc3b1bd97df5162fe63fb14c1bb269",
        "version" : "5.3.1"
      }
    }
  ],
  "version" : 2
}
