// !$*UTF8*$!
{
	archiveVersion = 1;
	classes = {
	};
	objectVersion = 56;
	objects = {

/* Begin PBXBuildFile section */
		87ADCD1F29B6273200FE3F9E /* VComponentsDemoApp.swift in Sources */ = {isa = PBXBuildFile; fileRef = 87ADCD1E29B6273200FE3F9E /* VComponentsDemoApp.swift */; };
		87ADCD2329B6273300FE3F9E /* Assets.xcassets in Resources */ = {isa = PBXBuildFile; fileRef = 87ADCD2229B6273300FE3F9E /* Assets.xcassets */; };
		87ADCD2629B6273300FE3F9E /* Preview Assets.xcassets in Resources */ = {isa = PBXBuildFile; fileRef = 87ADCD2529B6273300FE3F9E /* Preview Assets.xcassets */; };
		87ADCD7129B6275800FE3F9E /* HomeView.swift in Sources */ = {isa = PBXBuildFile; fileRef = 87ADCD3029B6275800FE3F9E /* HomeView.swift */; };
		87ADCD7229B6275800FE3F9E /* LaunchScreen.storyboard in Resources */ = {isa = PBXBuildFile; fileRef = 87ADCD3229B6275800FE3F9E /* LaunchScreen.storyboard */; };
		87ADCD7329B6275800FE3F9E /* VToastDemoView.swift in Sources */ = {isa = PBXBuildFile; fileRef = 87ADCD3629B6275800FE3F9E /* VToastDemoView.swift */; };
		87ADCD7429B6275800FE3F9E /* VPlainButtonDemoView.swift in Sources */ = {isa = PBXBuildFile; fileRef = 87ADCD3829B6275800FE3F9E /* VPlainButtonDemoView.swift */; };
		87ADCD7529B6275800FE3F9E /* VRoundedButtonDemoView.swift in Sources */ = {isa = PBXBuildFile; fileRef = 87ADCD3929B6275800FE3F9E /* VRoundedButtonDemoView.swift */; };
		87ADCD7629B6275800FE3F9E /* VPrimaryButtonDemoView.swift in Sources */ = {isa = PBXBuildFile; fileRef = 87ADCD3A29B6275800FE3F9E /* VPrimaryButtonDemoView.swift */; };
		87ADCD7729B6275800FE3F9E /* VRoundedLabeledButtonDemoView.swift in Sources */ = {isa = PBXBuildFile; fileRef = 87ADCD3B29B6275800FE3F9E /* VRoundedLabeledButtonDemoView.swift */; };
		87ADCD7829B6275800FE3F9E /* VSecondaryButtonDemoView.swift in Sources */ = {isa = PBXBuildFile; fileRef = 87ADCD3C29B6275800FE3F9E /* VSecondaryButtonDemoView.swift */; };
		87ADCD7929B6275800FE3F9E /* VListDemoView.swift in Sources */ = {isa = PBXBuildFile; fileRef = 87ADCD3E29B6275800FE3F9E /* VListDemoView.swift */; };
		87ADCD7A29B6275800FE3F9E /* VRangeSliderDemoView.swift in Sources */ = {isa = PBXBuildFile; fileRef = 87ADCD4029B6275800FE3F9E /* VRangeSliderDemoView.swift */; };
		87ADCD7B29B6275800FE3F9E /* VStepperDemoView.swift in Sources */ = {isa = PBXBuildFile; fileRef = 87ADCD4129B6275800FE3F9E /* VStepperDemoView.swift */; };
		87ADCD7C29B6275800FE3F9E /* VSliderDemoView.swift in Sources */ = {isa = PBXBuildFile; fileRef = 87ADCD4229B6275800FE3F9E /* VSliderDemoView.swift */; };
		87ADCD7D29B6275800FE3F9E /* VSpinnerDemoView.swift in Sources */ = {isa = PBXBuildFile; fileRef = 87ADCD4429B6275800FE3F9E /* VSpinnerDemoView.swift */; };
		87ADCD7E29B6275800FE3F9E /* VProgressBarDemoView.swift in Sources */ = {isa = PBXBuildFile; fileRef = 87ADCD4529B6275800FE3F9E /* VProgressBarDemoView.swift */; };
		87ADCD7F29B6275800FE3F9E /* VPageIndicatorDemoView.swift in Sources */ = {isa = PBXBuildFile; fileRef = 87ADCD4629B6275800FE3F9E /* VPageIndicatorDemoView.swift */; };
		87ADCD8029B6275800FE3F9E /* VSegmentedPickerDemoView.swift in Sources */ = {isa = PBXBuildFile; fileRef = 87ADCD4829B6275800FE3F9E /* VSegmentedPickerDemoView.swift */; };
		87ADCD8129B6275800FE3F9E /* VWheelPickerDemoView.swift in Sources */ = {isa = PBXBuildFile; fileRef = 87ADCD4929B6275800FE3F9E /* VWheelPickerDemoView.swift */; };
		87ADCD8229B6275800FE3F9E /* VSideBarDemoView.swift in Sources */ = {isa = PBXBuildFile; fileRef = 87ADCD4B29B6275800FE3F9E /* VSideBarDemoView.swift */; };
		87ADCD8329B6275800FE3F9E /* VConfirmationDialogDemoView.swift in Sources */ = {isa = PBXBuildFile; fileRef = 87ADCD4C29B6275800FE3F9E /* VConfirmationDialogDemoView.swift */; };
		87ADCD8429B6275800FE3F9E /* VMenuDemoView.swift in Sources */ = {isa = PBXBuildFile; fileRef = 87ADCD4D29B6275800FE3F9E /* VMenuDemoView.swift */; };
		87ADCD8529B6275800FE3F9E /* VModalDemoView.swift in Sources */ = {isa = PBXBuildFile; fileRef = 87ADCD4E29B6275800FE3F9E /* VModalDemoView.swift */; };
		87ADCD8629B6275800FE3F9E /* VBottomSheetDemoView.swift in Sources */ = {isa = PBXBuildFile; fileRef = 87ADCD4F29B6275800FE3F9E /* VBottomSheetDemoView.swift */; };
		87ADCD8729B6275800FE3F9E /* VContextMenuDemoView.swift in Sources */ = {isa = PBXBuildFile; fileRef = 87ADCD5029B6275800FE3F9E /* VContextMenuDemoView.swift */; };
		87ADCD8829B6275800FE3F9E /* VAlertDemoView.swift in Sources */ = {isa = PBXBuildFile; fileRef = 87ADCD5129B6275800FE3F9E /* VAlertDemoView.swift */; };
		87ADCD8929B6275800FE3F9E /* VMarqueeDemoView.swift in Sources */ = {isa = PBXBuildFile; fileRef = 87ADCD5329B6275800FE3F9E /* VMarqueeDemoView.swift */; };
		87ADCD8A29B6275800FE3F9E /* VTextDemoView.swift in Sources */ = {isa = PBXBuildFile; fileRef = 87ADCD5429B6275800FE3F9E /* VTextDemoView.swift */; };
		87ADCD8B29B6275800FE3F9E /* VCheckBoxDemoView.swift in Sources */ = {isa = PBXBuildFile; fileRef = 87ADCD5629B6275800FE3F9E /* VCheckBoxDemoView.swift */; };
		87ADCD8C29B6275800FE3F9E /* VRadioButtonDemoView.swift in Sources */ = {isa = PBXBuildFile; fileRef = 87ADCD5729B6275800FE3F9E /* VRadioButtonDemoView.swift */; };
		87ADCD8D29B6275800FE3F9E /* VToggleDemoView.swift in Sources */ = {isa = PBXBuildFile; fileRef = 87ADCD5829B6275800FE3F9E /* VToggleDemoView.swift */; };
		87ADCD8E29B6275800FE3F9E /* VDisclosureGroupDemoView.swift in Sources */ = {isa = PBXBuildFile; fileRef = 87ADCD5A29B6275800FE3F9E /* VDisclosureGroupDemoView.swift */; };
		87ADCD8F29B6275800FE3F9E /* VSheetDemoView.swift in Sources */ = {isa = PBXBuildFile; fileRef = 87ADCD5B29B6275800FE3F9E /* VSheetDemoView.swift */; };
		87ADCD9029B6275800FE3F9E /* VTextViewDemoView.swift in Sources */ = {isa = PBXBuildFile; fileRef = 87ADCD5D29B6275800FE3F9E /* VTextViewDemoView.swift */; };
		87ADCD9129B6275800FE3F9E /* VTextFieldDemoView.swift in Sources */ = {isa = PBXBuildFile; fileRef = 87ADCD5E29B6275800FE3F9E /* VTextFieldDemoView.swift */; };
		87ADCD9229B6275800FE3F9E /* DemoView.swift in Sources */ = {isa = PBXBuildFile; fileRef = 87ADCD6129B6275800FE3F9E /* DemoView.swift */; };
		87ADCD9329B6275800FE3F9E /* DemoViewSettingsSectionBuilder.swift in Sources */ = {isa = PBXBuildFile; fileRef = 87ADCD6229B6275800FE3F9E /* DemoViewSettingsSectionBuilder.swift */; };
		87ADCD9429B6275800FE3F9E /* DemoTitledSettingView.swift in Sources */ = {isa = PBXBuildFile; fileRef = 87ADCD6429B6275800FE3F9E /* DemoTitledSettingView.swift */; };
		87ADCD9529B6275800FE3F9E /* StepperSettingView.swift in Sources */ = {isa = PBXBuildFile; fileRef = 87ADCD6529B6275800FE3F9E /* StepperSettingView.swift */; };
		87ADCD9629B6275800FE3F9E /* ToggleSettingView.swift in Sources */ = {isa = PBXBuildFile; fileRef = 87ADCD6629B6275800FE3F9E /* ToggleSettingView.swift */; };
		87ADCD9729B6275800FE3F9E /* HorizontallyLabeledDemoTitledSettingView.swift in Sources */ = {isa = PBXBuildFile; fileRef = 87ADCD6729B6275800FE3F9E /* HorizontallyLabeledDemoTitledSettingView.swift */; };
		87ADCD9829B6275800FE3F9E /* NoDismissTypeWarningView.swift in Sources */ = {isa = PBXBuildFile; fileRef = 87ADCD6829B6275800FE3F9E /* NoDismissTypeWarningView.swift */; };
		87ADCD9929B6275800FE3F9E /* DemoListView.swift in Sources */ = {isa = PBXBuildFile; fileRef = 87ADCD6A29B6275800FE3F9E /* DemoListView.swift */; };
		87ADCD9A29B6275800FE3F9E /* DemoListRowView.swift in Sources */ = {isa = PBXBuildFile; fileRef = 87ADCD6B29B6275800FE3F9E /* DemoListRowView.swift */; };
		87ADCD9B29B6275800FE3F9E /* DemoSection.swift in Sources */ = {isa = PBXBuildFile; fileRef = 87ADCD6D29B6275800FE3F9E /* DemoSection.swift */; };
		87ADCD9C29B6275800FE3F9E /* DemoableRow.swift in Sources */ = {isa = PBXBuildFile; fileRef = 87ADCD6E29B6275800FE3F9E /* DemoableRow.swift */; };
		87ADCD9D29B6275800FE3F9E /* HomeRow.swift in Sources */ = {isa = PBXBuildFile; fileRef = 87ADCD6F29B6275800FE3F9E /* HomeRow.swift */; };
		87ADCDA329B6279200FE3F9E /* VComponents in Frameworks */ = {isa = PBXBuildFile; productRef = 87ADCDA229B6279200FE3F9E /* VComponents */; };
/* End PBXBuildFile section */

/* Begin PBXFileReference section */
		87ADCD1B29B6273200FE3F9E /* VComponentsDemo.app */ = {isa = PBXFileReference; explicitFileType = wrapper.application; includeInIndex = 0; path = VComponentsDemo.app; sourceTree = BUILT_PRODUCTS_DIR; };
		87ADCD1E29B6273200FE3F9E /* VComponentsDemoApp.swift */ = {isa = PBXFileReference; lastKnownFileType = sourcecode.swift; path = VComponentsDemoApp.swift; sourceTree = "<group>"; };
		87ADCD2229B6273300FE3F9E /* Assets.xcassets */ = {isa = PBXFileReference; lastKnownFileType = folder.assetcatalog; path = Assets.xcassets; sourceTree = "<group>"; };
		87ADCD2529B6273300FE3F9E /* Preview Assets.xcassets */ = {isa = PBXFileReference; lastKnownFileType = folder.assetcatalog; path = "Preview Assets.xcassets"; sourceTree = "<group>"; };
		87ADCD3029B6275800FE3F9E /* HomeView.swift */ = {isa = PBXFileReference; fileEncoding = 4; lastKnownFileType = sourcecode.swift; path = HomeView.swift; sourceTree = "<group>"; };
		87ADCD3329B6275800FE3F9E /* Base */ = {isa = PBXFileReference; lastKnownFileType = file.storyboard; name = Base; path = Base.lproj/LaunchScreen.storyboard; sourceTree = "<group>"; };
		87ADCD3629B6275800FE3F9E /* VToastDemoView.swift */ = {isa = PBXFileReference; fileEncoding = 4; lastKnownFileType = sourcecode.swift; path = VToastDemoView.swift; sourceTree = "<group>"; };
		87ADCD3829B6275800FE3F9E /* VPlainButtonDemoView.swift */ = {isa = PBXFileReference; fileEncoding = 4; lastKnownFileType = sourcecode.swift; path = VPlainButtonDemoView.swift; sourceTree = "<group>"; };
		87ADCD3929B6275800FE3F9E /* VRoundedButtonDemoView.swift */ = {isa = PBXFileReference; fileEncoding = 4; lastKnownFileType = sourcecode.swift; path = VRoundedButtonDemoView.swift; sourceTree = "<group>"; };
		87ADCD3A29B6275800FE3F9E /* VPrimaryButtonDemoView.swift */ = {isa = PBXFileReference; fileEncoding = 4; lastKnownFileType = sourcecode.swift; path = VPrimaryButtonDemoView.swift; sourceTree = "<group>"; };
		87ADCD3B29B6275800FE3F9E /* VRoundedLabeledButtonDemoView.swift */ = {isa = PBXFileReference; fileEncoding = 4; lastKnownFileType = sourcecode.swift; path = VRoundedLabeledButtonDemoView.swift; sourceTree = "<group>"; };
		87ADCD3C29B6275800FE3F9E /* VSecondaryButtonDemoView.swift */ = {isa = PBXFileReference; fileEncoding = 4; lastKnownFileType = sourcecode.swift; path = VSecondaryButtonDemoView.swift; sourceTree = "<group>"; };
		87ADCD3E29B6275800FE3F9E /* VListDemoView.swift */ = {isa = PBXFileReference; fileEncoding = 4; lastKnownFileType = sourcecode.swift; path = VListDemoView.swift; sourceTree = "<group>"; };
		87ADCD4029B6275800FE3F9E /* VRangeSliderDemoView.swift */ = {isa = PBXFileReference; fileEncoding = 4; lastKnownFileType = sourcecode.swift; path = VRangeSliderDemoView.swift; sourceTree = "<group>"; };
		87ADCD4129B6275800FE3F9E /* VStepperDemoView.swift */ = {isa = PBXFileReference; fileEncoding = 4; lastKnownFileType = sourcecode.swift; path = VStepperDemoView.swift; sourceTree = "<group>"; };
		87ADCD4229B6275800FE3F9E /* VSliderDemoView.swift */ = {isa = PBXFileReference; fileEncoding = 4; lastKnownFileType = sourcecode.swift; path = VSliderDemoView.swift; sourceTree = "<group>"; };
		87ADCD4429B6275800FE3F9E /* VSpinnerDemoView.swift */ = {isa = PBXFileReference; fileEncoding = 4; lastKnownFileType = sourcecode.swift; path = VSpinnerDemoView.swift; sourceTree = "<group>"; };
		87ADCD4529B6275800FE3F9E /* VProgressBarDemoView.swift */ = {isa = PBXFileReference; fileEncoding = 4; lastKnownFileType = sourcecode.swift; path = VProgressBarDemoView.swift; sourceTree = "<group>"; };
		87ADCD4629B6275800FE3F9E /* VPageIndicatorDemoView.swift */ = {isa = PBXFileReference; fileEncoding = 4; lastKnownFileType = sourcecode.swift; path = VPageIndicatorDemoView.swift; sourceTree = "<group>"; };
		87ADCD4829B6275800FE3F9E /* VSegmentedPickerDemoView.swift */ = {isa = PBXFileReference; fileEncoding = 4; lastKnownFileType = sourcecode.swift; path = VSegmentedPickerDemoView.swift; sourceTree = "<group>"; };
		87ADCD4929B6275800FE3F9E /* VWheelPickerDemoView.swift */ = {isa = PBXFileReference; fileEncoding = 4; lastKnownFileType = sourcecode.swift; path = VWheelPickerDemoView.swift; sourceTree = "<group>"; };
		87ADCD4B29B6275800FE3F9E /* VSideBarDemoView.swift */ = {isa = PBXFileReference; fileEncoding = 4; lastKnownFileType = sourcecode.swift; path = VSideBarDemoView.swift; sourceTree = "<group>"; };
		87ADCD4C29B6275800FE3F9E /* VConfirmationDialogDemoView.swift */ = {isa = PBXFileReference; fileEncoding = 4; lastKnownFileType = sourcecode.swift; path = VConfirmationDialogDemoView.swift; sourceTree = "<group>"; };
		87ADCD4D29B6275800FE3F9E /* VMenuDemoView.swift */ = {isa = PBXFileReference; fileEncoding = 4; lastKnownFileType = sourcecode.swift; path = VMenuDemoView.swift; sourceTree = "<group>"; };
		87ADCD4E29B6275800FE3F9E /* VModalDemoView.swift */ = {isa = PBXFileReference; fileEncoding = 4; lastKnownFileType = sourcecode.swift; path = VModalDemoView.swift; sourceTree = "<group>"; };
		87ADCD4F29B6275800FE3F9E /* VBottomSheetDemoView.swift */ = {isa = PBXFileReference; fileEncoding = 4; lastKnownFileType = sourcecode.swift; path = VBottomSheetDemoView.swift; sourceTree = "<group>"; };
		87ADCD5029B6275800FE3F9E /* VContextMenuDemoView.swift */ = {isa = PBXFileReference; fileEncoding = 4; lastKnownFileType = sourcecode.swift; path = VContextMenuDemoView.swift; sourceTree = "<group>"; };
		87ADCD5129B6275800FE3F9E /* VAlertDemoView.swift */ = {isa = PBXFileReference; fileEncoding = 4; lastKnownFileType = sourcecode.swift; path = VAlertDemoView.swift; sourceTree = "<group>"; };
		87ADCD5329B6275800FE3F9E /* VMarqueeDemoView.swift */ = {isa = PBXFileReference; fileEncoding = 4; lastKnownFileType = sourcecode.swift; path = VMarqueeDemoView.swift; sourceTree = "<group>"; };
		87ADCD5429B6275800FE3F9E /* VTextDemoView.swift */ = {isa = PBXFileReference; fileEncoding = 4; lastKnownFileType = sourcecode.swift; path = VTextDemoView.swift; sourceTree = "<group>"; };
		87ADCD5629B6275800FE3F9E /* VCheckBoxDemoView.swift */ = {isa = PBXFileReference; fileEncoding = 4; lastKnownFileType = sourcecode.swift; path = VCheckBoxDemoView.swift; sourceTree = "<group>"; };
		87ADCD5729B6275800FE3F9E /* VRadioButtonDemoView.swift */ = {isa = PBXFileReference; fileEncoding = 4; lastKnownFileType = sourcecode.swift; path = VRadioButtonDemoView.swift; sourceTree = "<group>"; };
		87ADCD5829B6275800FE3F9E /* VToggleDemoView.swift */ = {isa = PBXFileReference; fileEncoding = 4; lastKnownFileType = sourcecode.swift; path = VToggleDemoView.swift; sourceTree = "<group>"; };
		87ADCD5A29B6275800FE3F9E /* VDisclosureGroupDemoView.swift */ = {isa = PBXFileReference; fileEncoding = 4; lastKnownFileType = sourcecode.swift; path = VDisclosureGroupDemoView.swift; sourceTree = "<group>"; };
		87ADCD5B29B6275800FE3F9E /* VSheetDemoView.swift */ = {isa = PBXFileReference; fileEncoding = 4; lastKnownFileType = sourcecode.swift; path = VSheetDemoView.swift; sourceTree = "<group>"; };
		87ADCD5D29B6275800FE3F9E /* VTextViewDemoView.swift */ = {isa = PBXFileReference; fileEncoding = 4; lastKnownFileType = sourcecode.swift; path = VTextViewDemoView.swift; sourceTree = "<group>"; };
		87ADCD5E29B6275800FE3F9E /* VTextFieldDemoView.swift */ = {isa = PBXFileReference; fileEncoding = 4; lastKnownFileType = sourcecode.swift; path = VTextFieldDemoView.swift; sourceTree = "<group>"; };
		87ADCD6129B6275800FE3F9E /* DemoView.swift */ = {isa = PBXFileReference; fileEncoding = 4; lastKnownFileType = sourcecode.swift; path = DemoView.swift; sourceTree = "<group>"; };
		87ADCD6229B6275800FE3F9E /* DemoViewSettingsSectionBuilder.swift */ = {isa = PBXFileReference; fileEncoding = 4; lastKnownFileType = sourcecode.swift; path = DemoViewSettingsSectionBuilder.swift; sourceTree = "<group>"; };
		87ADCD6429B6275800FE3F9E /* DemoTitledSettingView.swift */ = {isa = PBXFileReference; fileEncoding = 4; lastKnownFileType = sourcecode.swift; path = DemoTitledSettingView.swift; sourceTree = "<group>"; };
		87ADCD6529B6275800FE3F9E /* StepperSettingView.swift */ = {isa = PBXFileReference; fileEncoding = 4; lastKnownFileType = sourcecode.swift; path = StepperSettingView.swift; sourceTree = "<group>"; };
		87ADCD6629B6275800FE3F9E /* ToggleSettingView.swift */ = {isa = PBXFileReference; fileEncoding = 4; lastKnownFileType = sourcecode.swift; path = ToggleSettingView.swift; sourceTree = "<group>"; };
		87ADCD6729B6275800FE3F9E /* HorizontallyLabeledDemoTitledSettingView.swift */ = {isa = PBXFileReference; fileEncoding = 4; lastKnownFileType = sourcecode.swift; path = HorizontallyLabeledDemoTitledSettingView.swift; sourceTree = "<group>"; };
		87ADCD6829B6275800FE3F9E /* NoDismissTypeWarningView.swift */ = {isa = PBXFileReference; fileEncoding = 4; lastKnownFileType = sourcecode.swift; path = NoDismissTypeWarningView.swift; sourceTree = "<group>"; };
		87ADCD6A29B6275800FE3F9E /* DemoListView.swift */ = {isa = PBXFileReference; fileEncoding = 4; lastKnownFileType = sourcecode.swift; path = DemoListView.swift; sourceTree = "<group>"; };
		87ADCD6B29B6275800FE3F9E /* DemoListRowView.swift */ = {isa = PBXFileReference; fileEncoding = 4; lastKnownFileType = sourcecode.swift; path = DemoListRowView.swift; sourceTree = "<group>"; };
		87ADCD6D29B6275800FE3F9E /* DemoSection.swift */ = {isa = PBXFileReference; fileEncoding = 4; lastKnownFileType = sourcecode.swift; path = DemoSection.swift; sourceTree = "<group>"; };
		87ADCD6E29B6275800FE3F9E /* DemoableRow.swift */ = {isa = PBXFileReference; fileEncoding = 4; lastKnownFileType = sourcecode.swift; path = DemoableRow.swift; sourceTree = "<group>"; };
		87ADCD6F29B6275800FE3F9E /* HomeRow.swift */ = {isa = PBXFileReference; fileEncoding = 4; lastKnownFileType = sourcecode.swift; path = HomeRow.swift; sourceTree = "<group>"; };
		87ADCDA029B6278000FE3F9E /* ~VComponents */ = {isa = PBXFileReference; lastKnownFileType = wrapper; name = "~VComponents"; path = ..; sourceTree = "<group>"; };
/* End PBXFileReference section */

/* Begin PBXFrameworksBuildPhase section */
		87ADCD1829B6273200FE3F9E /* Frameworks */ = {
			isa = PBXFrameworksBuildPhase;
			buildActionMask = 2147483647;
			files = (
				87ADCDA329B6279200FE3F9E /* VComponents in Frameworks */,
			);
			runOnlyForDeploymentPostprocessing = 0;
		};
/* End PBXFrameworksBuildPhase section */

/* Begin PBXGroup section */
		87ADCD1229B6273200FE3F9E = {
			isa = PBXGroup;
			children = (
				87ADCD1D29B6273200FE3F9E /* VComponentsDemo */,
				87ADCD9F29B6278000FE3F9E /* Packages */,
				87ADCDA129B6279200FE3F9E /* Frameworks */,
				87ADCD1C29B6273200FE3F9E /* Products */,
			);
			sourceTree = "<group>";
		};
		87ADCD1C29B6273200FE3F9E /* Products */ = {
			isa = PBXGroup;
			children = (
				87ADCD1B29B6273200FE3F9E /* VComponentsDemo.app */,
			);
			name = Products;
			sourceTree = "<group>";
		};
		87ADCD1D29B6273200FE3F9E /* VComponentsDemo */ = {
			isa = PBXGroup;
			children = (
				87ADCD9E29B6276200FE3F9E /* App Control */,
				87ADCD2E29B6275800FE3F9E /* Scenes */,
				87ADCD5F29B6275800FE3F9E /* Views */,
				87ADCD6C29B6275800FE3F9E /* Models */,
				87ADCD2C29B6275800FE3F9E /* Resources */,
				87ADCD2429B6273300FE3F9E /* Preview Content */,
			);
			path = VComponentsDemo;
			sourceTree = "<group>";
		};
		87ADCD2429B6273300FE3F9E /* Preview Content */ = {
			isa = PBXGroup;
			children = (
				87ADCD2529B6273300FE3F9E /* Preview Assets.xcassets */,
			);
			path = "Preview Content";
			sourceTree = "<group>";
		};
		87ADCD2C29B6275800FE3F9E /* Resources */ = {
			isa = PBXGroup;
			children = (
				87ADCD2229B6273300FE3F9E /* Assets.xcassets */,
			);
			path = Resources;
			sourceTree = "<group>";
		};
		87ADCD2E29B6275800FE3F9E /* Scenes */ = {
			isa = PBXGroup;
			children = (
				87ADCD3129B6275800FE3F9E /* Launscreen */,
				87ADCD2F29B6275800FE3F9E /* Home */,
				87ADCD3429B6275800FE3F9E /* Demos */,
			);
			path = Scenes;
			sourceTree = "<group>";
		};
		87ADCD2F29B6275800FE3F9E /* Home */ = {
			isa = PBXGroup;
			children = (
				87ADCD3029B6275800FE3F9E /* HomeView.swift */,
			);
			path = Home;
			sourceTree = "<group>";
		};
		87ADCD3129B6275800FE3F9E /* Launscreen */ = {
			isa = PBXGroup;
			children = (
				87ADCD3229B6275800FE3F9E /* LaunchScreen.storyboard */,
			);
			path = Launscreen;
			sourceTree = "<group>";
		};
		87ADCD3429B6275800FE3F9E /* Demos */ = {
			isa = PBXGroup;
			children = (
				87ADCD3729B6275800FE3F9E /* Buttons */,
				87ADCD5529B6275800FE3F9E /* State Pickers */,
				87ADCD4729B6275800FE3F9E /* Item Pickers */,
				87ADCD3F29B6275800FE3F9E /* Value Pickers */,
				87ADCD5C29B6275800FE3F9E /* Inputs */,
				87ADCD5929B6275800FE3F9E /* Containers */,
				87ADCD3D29B6275800FE3F9E /* Lists */,
				87ADCD4A29B6275800FE3F9E /* Modals */,
				87ADCD3529B6275800FE3F9E /* Messages */,
				87ADCD4329B6275800FE3F9E /* Indicators */,
				87ADCD5229B6275800FE3F9E /* zMisc */,
			);
			path = Demos;
			sourceTree = "<group>";
		};
		87ADCD3529B6275800FE3F9E /* Messages */ = {
			isa = PBXGroup;
			children = (
				87ADCD3629B6275800FE3F9E /* VToastDemoView.swift */,
			);
			path = Messages;
			sourceTree = "<group>";
		};
		87ADCD3729B6275800FE3F9E /* Buttons */ = {
			isa = PBXGroup;
			children = (
				87ADCD3A29B6275800FE3F9E /* VPrimaryButtonDemoView.swift */,
				87ADCD3C29B6275800FE3F9E /* VSecondaryButtonDemoView.swift */,
				87ADCD3929B6275800FE3F9E /* VRoundedButtonDemoView.swift */,
				87ADCD3B29B6275800FE3F9E /* VRoundedLabeledButtonDemoView.swift */,
				87ADCD3829B6275800FE3F9E /* VPlainButtonDemoView.swift */,
			);
			path = Buttons;
			sourceTree = "<group>";
		};
		87ADCD3D29B6275800FE3F9E /* Lists */ = {
			isa = PBXGroup;
			children = (
				87ADCD3E29B6275800FE3F9E /* VListDemoView.swift */,
			);
			path = Lists;
			sourceTree = "<group>";
		};
		87ADCD3F29B6275800FE3F9E /* Value Pickers */ = {
			isa = PBXGroup;
			children = (
				87ADCD4129B6275800FE3F9E /* VStepperDemoView.swift */,
				87ADCD4229B6275800FE3F9E /* VSliderDemoView.swift */,
				87ADCD4029B6275800FE3F9E /* VRangeSliderDemoView.swift */,
			);
			path = "Value Pickers";
			sourceTree = "<group>";
		};
		87ADCD4329B6275800FE3F9E /* Indicators */ = {
			isa = PBXGroup;
			children = (
				87ADCD4429B6275800FE3F9E /* VSpinnerDemoView.swift */,
				87ADCD4529B6275800FE3F9E /* VProgressBarDemoView.swift */,
				87ADCD4629B6275800FE3F9E /* VPageIndicatorDemoView.swift */,
			);
			path = Indicators;
			sourceTree = "<group>";
		};
		87ADCD4729B6275800FE3F9E /* Item Pickers */ = {
			isa = PBXGroup;
			children = (
				87ADCD4829B6275800FE3F9E /* VSegmentedPickerDemoView.swift */,
				87ADCD4929B6275800FE3F9E /* VWheelPickerDemoView.swift */,
			);
			path = "Item Pickers";
			sourceTree = "<group>";
		};
		87ADCD4A29B6275800FE3F9E /* Modals */ = {
			isa = PBXGroup;
			children = (
				87ADCD4E29B6275800FE3F9E /* VModalDemoView.swift */,
				87ADCD4F29B6275800FE3F9E /* VBottomSheetDemoView.swift */,
				87ADCD4B29B6275800FE3F9E /* VSideBarDemoView.swift */,
				87ADCD5129B6275800FE3F9E /* VAlertDemoView.swift */,
				87ADCD4C29B6275800FE3F9E /* VConfirmationDialogDemoView.swift */,
				87ADCD4D29B6275800FE3F9E /* VMenuDemoView.swift */,
				87ADCD5029B6275800FE3F9E /* VContextMenuDemoView.swift */,
			);
			path = Modals;
			sourceTree = "<group>";
		};
		87ADCD5229B6275800FE3F9E /* zMisc */ = {
			isa = PBXGroup;
			children = (
				87ADCD5429B6275800FE3F9E /* VTextDemoView.swift */,
				87ADCD5329B6275800FE3F9E /* VMarqueeDemoView.swift */,
			);
			path = zMisc;
			sourceTree = "<group>";
		};
		87ADCD5529B6275800FE3F9E /* State Pickers */ = {
			isa = PBXGroup;
			children = (
				87ADCD5829B6275800FE3F9E /* VToggleDemoView.swift */,
				87ADCD5629B6275800FE3F9E /* VCheckBoxDemoView.swift */,
				87ADCD5729B6275800FE3F9E /* VRadioButtonDemoView.swift */,
			);
			path = "State Pickers";
			sourceTree = "<group>";
		};
		87ADCD5929B6275800FE3F9E /* Containers */ = {
			isa = PBXGroup;
			children = (
				87ADCD5B29B6275800FE3F9E /* VSheetDemoView.swift */,
				87ADCD5A29B6275800FE3F9E /* VDisclosureGroupDemoView.swift */,
			);
			path = Containers;
			sourceTree = "<group>";
		};
		87ADCD5C29B6275800FE3F9E /* Inputs */ = {
			isa = PBXGroup;
			children = (
				87ADCD5E29B6275800FE3F9E /* VTextFieldDemoView.swift */,
				87ADCD5D29B6275800FE3F9E /* VTextViewDemoView.swift */,
			);
			path = Inputs;
			sourceTree = "<group>";
		};
		87ADCD5F29B6275800FE3F9E /* Views */ = {
			isa = PBXGroup;
			children = (
				87ADCD6929B6275800FE3F9E /* Demo List */,
				87ADCD6029B6275800FE3F9E /* Demo */,
				87ADCD6329B6275800FE3F9E /* Settings */,
				87ADCD6829B6275800FE3F9E /* NoDismissTypeWarningView.swift */,
			);
			path = Views;
			sourceTree = "<group>";
		};
		87ADCD6029B6275800FE3F9E /* Demo */ = {
			isa = PBXGroup;
			children = (
				87ADCD6129B6275800FE3F9E /* DemoView.swift */,
				87ADCD6229B6275800FE3F9E /* DemoViewSettingsSectionBuilder.swift */,
			);
			path = Demo;
			sourceTree = "<group>";
		};
		87ADCD6329B6275800FE3F9E /* Settings */ = {
			isa = PBXGroup;
			children = (
				87ADCD6429B6275800FE3F9E /* DemoTitledSettingView.swift */,
				87ADCD6529B6275800FE3F9E /* StepperSettingView.swift */,
				87ADCD6629B6275800FE3F9E /* ToggleSettingView.swift */,
				87ADCD6729B6275800FE3F9E /* HorizontallyLabeledDemoTitledSettingView.swift */,
			);
			path = Settings;
			sourceTree = "<group>";
		};
		87ADCD6929B6275800FE3F9E /* Demo List */ = {
			isa = PBXGroup;
			children = (
				87ADCD6A29B6275800FE3F9E /* DemoListView.swift */,
				87ADCD6B29B6275800FE3F9E /* DemoListRowView.swift */,
			);
			path = "Demo List";
			sourceTree = "<group>";
		};
		87ADCD6C29B6275800FE3F9E /* Models */ = {
			isa = PBXGroup;
			children = (
				87ADCD6F29B6275800FE3F9E /* HomeRow.swift */,
				87ADCD6D29B6275800FE3F9E /* DemoSection.swift */,
				87ADCD6E29B6275800FE3F9E /* DemoableRow.swift */,
			);
			path = Models;
			sourceTree = "<group>";
		};
		87ADCD9E29B6276200FE3F9E /* App Control */ = {
			isa = PBXGroup;
			children = (
				87ADCD1E29B6273200FE3F9E /* VComponentsDemoApp.swift */,
			);
			path = "App Control";
			sourceTree = "<group>";
		};
		87ADCD9F29B6278000FE3F9E /* Packages */ = {
			isa = PBXGroup;
			children = (
				87ADCDA029B6278000FE3F9E /* ~VComponents */,
			);
			name = Packages;
			sourceTree = "<group>";
		};
		87ADCDA129B6279200FE3F9E /* Frameworks */ = {
			isa = PBXGroup;
			children = (
			);
			name = Frameworks;
			sourceTree = "<group>";
		};
/* End PBXGroup section */

/* Begin PBXNativeTarget section */
		87ADCD1A29B6273200FE3F9E /* VComponentsDemo */ = {
			isa = PBXNativeTarget;
			buildConfigurationList = 87ADCD2929B6273300FE3F9E /* Build configuration list for PBXNativeTarget "VComponentsDemo" */;
			buildPhases = (
				87ADCD1729B6273200FE3F9E /* Sources */,
				87ADCD1829B6273200FE3F9E /* Frameworks */,
				87ADCD1929B6273200FE3F9E /* Resources */,
			);
			buildRules = (
			);
			dependencies = (
			);
			name = VComponentsDemo;
			packageProductDependencies = (
				87ADCDA229B6279200FE3F9E /* VComponents */,
			);
			productName = VComponentsDemo;
			productReference = 87ADCD1B29B6273200FE3F9E /* VComponentsDemo.app */;
			productType = "com.apple.product-type.application";
		};
/* End PBXNativeTarget section */

/* Begin PBXProject section */
		87ADCD1329B6273200FE3F9E /* Project object */ = {
			isa = PBXProject;
			attributes = {
				BuildIndependentTargetsInParallel = 1;
				LastSwiftUpdateCheck = 1420;
				LastUpgradeCheck = 1420;
				TargetAttributes = {
					87ADCD1A29B6273200FE3F9E = {
						CreatedOnToolsVersion = 14.2;
					};
				};
			};
			buildConfigurationList = 87ADCD1629B6273200FE3F9E /* Build configuration list for PBXProject "VComponentsDemo" */;
			compatibilityVersion = "Xcode 14.0";
			developmentRegion = en;
			hasScannedForEncodings = 0;
			knownRegions = (
				en,
				Base,
			);
			mainGroup = 87ADCD1229B6273200FE3F9E;
			productRefGroup = 87ADCD1C29B6273200FE3F9E /* Products */;
			projectDirPath = "";
			projectRoot = "";
			targets = (
				87ADCD1A29B6273200FE3F9E /* VComponentsDemo */,
			);
		};
/* End PBXProject section */

/* Begin PBXResourcesBuildPhase section */
		87ADCD1929B6273200FE3F9E /* Resources */ = {
			isa = PBXResourcesBuildPhase;
			buildActionMask = 2147483647;
			files = (
				87ADCD2629B6273300FE3F9E /* Preview Assets.xcassets in Resources */,
				87ADCD7229B6275800FE3F9E /* LaunchScreen.storyboard in Resources */,
				87ADCD2329B6273300FE3F9E /* Assets.xcassets in Resources */,
			);
			runOnlyForDeploymentPostprocessing = 0;
		};
/* End PBXResourcesBuildPhase section */

/* Begin PBXSourcesBuildPhase section */
		87ADCD1729B6273200FE3F9E /* Sources */ = {
			isa = PBXSourcesBuildPhase;
			buildActionMask = 2147483647;
			files = (
				87ADCD8429B6275800FE3F9E /* VMenuDemoView.swift in Sources */,
				87ADCD7929B6275800FE3F9E /* VListDemoView.swift in Sources */,
				87ADCD8329B6275800FE3F9E /* VConfirmationDialogDemoView.swift in Sources */,
				87ADCD7329B6275800FE3F9E /* VToastDemoView.swift in Sources */,
				87ADCD7429B6275800FE3F9E /* VPlainButtonDemoView.swift in Sources */,
				87ADCD8629B6275800FE3F9E /* VBottomSheetDemoView.swift in Sources */,
				87ADCD7729B6275800FE3F9E /* VRoundedLabeledButtonDemoView.swift in Sources */,
				87ADCD8B29B6275800FE3F9E /* VCheckBoxDemoView.swift in Sources */,
				87ADCD9029B6275800FE3F9E /* VTextViewDemoView.swift in Sources */,
				87ADCD9829B6275800FE3F9E /* NoDismissTypeWarningView.swift in Sources */,
				87ADCD7D29B6275800FE3F9E /* VSpinnerDemoView.swift in Sources */,
				87ADCD9D29B6275800FE3F9E /* HomeRow.swift in Sources */,
				87ADCD9129B6275800FE3F9E /* VTextFieldDemoView.swift in Sources */,
				87ADCD8A29B6275800FE3F9E /* VTextDemoView.swift in Sources */,
				87ADCD9429B6275800FE3F9E /* DemoTitledSettingView.swift in Sources */,
				87ADCD9B29B6275800FE3F9E /* DemoSection.swift in Sources */,
				87ADCD8029B6275800FE3F9E /* VSegmentedPickerDemoView.swift in Sources */,
				87ADCD9229B6275800FE3F9E /* DemoView.swift in Sources */,
				87ADCD7829B6275800FE3F9E /* VSecondaryButtonDemoView.swift in Sources */,
				87ADCD7C29B6275800FE3F9E /* VSliderDemoView.swift in Sources */,
				87ADCD7F29B6275800FE3F9E /* VPageIndicatorDemoView.swift in Sources */,
				87ADCD8E29B6275800FE3F9E /* VDisclosureGroupDemoView.swift in Sources */,
				87ADCD8D29B6275800FE3F9E /* VToggleDemoView.swift in Sources */,
				87ADCD8829B6275800FE3F9E /* VAlertDemoView.swift in Sources */,
				87ADCD9329B6275800FE3F9E /* DemoViewSettingsSectionBuilder.swift in Sources */,
				87ADCD9929B6275800FE3F9E /* DemoListView.swift in Sources */,
				87ADCD8229B6275800FE3F9E /* VSideBarDemoView.swift in Sources */,
				87ADCD7129B6275800FE3F9E /* HomeView.swift in Sources */,
				87ADCD8129B6275800FE3F9E /* VWheelPickerDemoView.swift in Sources */,
				87ADCD7629B6275800FE3F9E /* VPrimaryButtonDemoView.swift in Sources */,
				87ADCD9629B6275800FE3F9E /* ToggleSettingView.swift in Sources */,
				87ADCD8929B6275800FE3F9E /* VMarqueeDemoView.swift in Sources */,
				87ADCD9A29B6275800FE3F9E /* DemoListRowView.swift in Sources */,
				87ADCD9C29B6275800FE3F9E /* DemoableRow.swift in Sources */,
				87ADCD9729B6275800FE3F9E /* HorizontallyLabeledDemoTitledSettingView.swift in Sources */,
				87ADCD8529B6275800FE3F9E /* VModalDemoView.swift in Sources */,
				87ADCD7529B6275800FE3F9E /* VRoundedButtonDemoView.swift in Sources */,
				87ADCD7E29B6275800FE3F9E /* VProgressBarDemoView.swift in Sources */,
				87ADCD9529B6275800FE3F9E /* StepperSettingView.swift in Sources */,
				87ADCD1F29B6273200FE3F9E /* VComponentsDemoApp.swift in Sources */,
				87ADCD8C29B6275800FE3F9E /* VRadioButtonDemoView.swift in Sources */,
				87ADCD8729B6275800FE3F9E /* VContextMenuDemoView.swift in Sources */,
				87ADCD7B29B6275800FE3F9E /* VStepperDemoView.swift in Sources */,
				87ADCD8F29B6275800FE3F9E /* VSheetDemoView.swift in Sources */,
				87ADCD7A29B6275800FE3F9E /* VRangeSliderDemoView.swift in Sources */,
			);
			runOnlyForDeploymentPostprocessing = 0;
		};
/* End PBXSourcesBuildPhase section */

/* Begin PBXVariantGroup section */
		87ADCD3229B6275800FE3F9E /* LaunchScreen.storyboard */ = {
			isa = PBXVariantGroup;
			children = (
				87ADCD3329B6275800FE3F9E /* Base */,
			);
			name = LaunchScreen.storyboard;
			sourceTree = "<group>";
		};
/* End PBXVariantGroup section */

/* Begin XCBuildConfiguration section */
		87ADCD2729B6273300FE3F9E /* Debug */ = {
			isa = XCBuildConfiguration;
			buildSettings = {
				ALWAYS_SEARCH_USER_PATHS = NO;
				CLANG_ANALYZER_NONNULL = YES;
				CLANG_ANALYZER_NUMBER_OBJECT_CONVERSION = YES_AGGRESSIVE;
				CLANG_CXX_LANGUAGE_STANDARD = "gnu++20";
				CLANG_ENABLE_MODULES = YES;
				CLANG_ENABLE_OBJC_ARC = YES;
				CLANG_ENABLE_OBJC_WEAK = YES;
				CLANG_WARN_BLOCK_CAPTURE_AUTORELEASING = YES;
				CLANG_WARN_BOOL_CONVERSION = YES;
				CLANG_WARN_COMMA = YES;
				CLANG_WARN_CONSTANT_CONVERSION = YES;
				CLANG_WARN_DEPRECATED_OBJC_IMPLEMENTATIONS = YES;
				CLANG_WARN_DIRECT_OBJC_ISA_USAGE = YES_ERROR;
				CLANG_WARN_DOCUMENTATION_COMMENTS = YES;
				CLANG_WARN_EMPTY_BODY = YES;
				CLANG_WARN_ENUM_CONVERSION = YES;
				CLANG_WARN_INFINITE_RECURSION = YES;
				CLANG_WARN_INT_CONVERSION = YES;
				CLANG_WARN_NON_LITERAL_NULL_CONVERSION = YES;
				CLANG_WARN_OBJC_IMPLICIT_RETAIN_SELF = YES;
				CLANG_WARN_OBJC_LITERAL_CONVERSION = YES;
				CLANG_WARN_OBJC_ROOT_CLASS = YES_ERROR;
				CLANG_WARN_QUOTED_INCLUDE_IN_FRAMEWORK_HEADER = YES;
				CLANG_WARN_RANGE_LOOP_ANALYSIS = YES;
				CLANG_WARN_STRICT_PROTOTYPES = YES;
				CLANG_WARN_SUSPICIOUS_MOVE = YES;
				CLANG_WARN_UNGUARDED_AVAILABILITY = YES_AGGRESSIVE;
				CLANG_WARN_UNREACHABLE_CODE = YES;
				CLANG_WARN__DUPLICATE_METHOD_MATCH = YES;
				COPY_PHASE_STRIP = NO;
				DEBUG_INFORMATION_FORMAT = dwarf;
				ENABLE_STRICT_OBJC_MSGSEND = YES;
				ENABLE_TESTABILITY = YES;
				GCC_C_LANGUAGE_STANDARD = gnu11;
				GCC_DYNAMIC_NO_PIC = NO;
				GCC_NO_COMMON_BLOCKS = YES;
				GCC_OPTIMIZATION_LEVEL = 0;
				GCC_PREPROCESSOR_DEFINITIONS = (
					"DEBUG=1",
					"$(inherited)",
				);
				GCC_WARN_64_TO_32_BIT_CONVERSION = YES;
				GCC_WARN_ABOUT_RETURN_TYPE = YES_ERROR;
				GCC_WARN_UNDECLARED_SELECTOR = YES;
				GCC_WARN_UNINITIALIZED_AUTOS = YES_AGGRESSIVE;
				GCC_WARN_UNUSED_FUNCTION = YES;
				GCC_WARN_UNUSED_VARIABLE = YES;
				IPHONEOS_DEPLOYMENT_TARGET = 16.0;
				MTL_ENABLE_DEBUG_INFO = INCLUDE_SOURCE;
				MTL_FAST_MATH = YES;
				ONLY_ACTIVE_ARCH = YES;
				SDKROOT = iphoneos;
				SWIFT_ACTIVE_COMPILATION_CONDITIONS = DEBUG;
				SWIFT_OPTIMIZATION_LEVEL = "-Onone";
			};
			name = Debug;
		};
		87ADCD2829B6273300FE3F9E /* Release */ = {
			isa = XCBuildConfiguration;
			buildSettings = {
				ALWAYS_SEARCH_USER_PATHS = NO;
				CLANG_ANALYZER_NONNULL = YES;
				CLANG_ANALYZER_NUMBER_OBJECT_CONVERSION = YES_AGGRESSIVE;
				CLANG_CXX_LANGUAGE_STANDARD = "gnu++20";
				CLANG_ENABLE_MODULES = YES;
				CLANG_ENABLE_OBJC_ARC = YES;
				CLANG_ENABLE_OBJC_WEAK = YES;
				CLANG_WARN_BLOCK_CAPTURE_AUTORELEASING = YES;
				CLANG_WARN_BOOL_CONVERSION = YES;
				CLANG_WARN_COMMA = YES;
				CLANG_WARN_CONSTANT_CONVERSION = YES;
				CLANG_WARN_DEPRECATED_OBJC_IMPLEMENTATIONS = YES;
				CLANG_WARN_DIRECT_OBJC_ISA_USAGE = YES_ERROR;
				CLANG_WARN_DOCUMENTATION_COMMENTS = YES;
				CLANG_WARN_EMPTY_BODY = YES;
				CLANG_WARN_ENUM_CONVERSION = YES;
				CLANG_WARN_INFINITE_RECURSION = YES;
				CLANG_WARN_INT_CONVERSION = YES;
				CLANG_WARN_NON_LITERAL_NULL_CONVERSION = YES;
				CLANG_WARN_OBJC_IMPLICIT_RETAIN_SELF = YES;
				CLANG_WARN_OBJC_LITERAL_CONVERSION = YES;
				CLANG_WARN_OBJC_ROOT_CLASS = YES_ERROR;
				CLANG_WARN_QUOTED_INCLUDE_IN_FRAMEWORK_HEADER = YES;
				CLANG_WARN_RANGE_LOOP_ANALYSIS = YES;
				CLANG_WARN_STRICT_PROTOTYPES = YES;
				CLANG_WARN_SUSPICIOUS_MOVE = YES;
				CLANG_WARN_UNGUARDED_AVAILABILITY = YES_AGGRESSIVE;
				CLANG_WARN_UNREACHABLE_CODE = YES;
				CLANG_WARN__DUPLICATE_METHOD_MATCH = YES;
				COPY_PHASE_STRIP = NO;
				DEBUG_INFORMATION_FORMAT = "dwarf-with-dsym";
				ENABLE_NS_ASSERTIONS = NO;
				ENABLE_STRICT_OBJC_MSGSEND = YES;
				GCC_C_LANGUAGE_STANDARD = gnu11;
				GCC_NO_COMMON_BLOCKS = YES;
				GCC_WARN_64_TO_32_BIT_CONVERSION = YES;
				GCC_WARN_ABOUT_RETURN_TYPE = YES_ERROR;
				GCC_WARN_UNDECLARED_SELECTOR = YES;
				GCC_WARN_UNINITIALIZED_AUTOS = YES_AGGRESSIVE;
				GCC_WARN_UNUSED_FUNCTION = YES;
				GCC_WARN_UNUSED_VARIABLE = YES;
				IPHONEOS_DEPLOYMENT_TARGET = 16.0;
				MTL_ENABLE_DEBUG_INFO = NO;
				MTL_FAST_MATH = YES;
				SDKROOT = iphoneos;
				SWIFT_COMPILATION_MODE = wholemodule;
				SWIFT_OPTIMIZATION_LEVEL = "-O";
				VALIDATE_PRODUCT = YES;
			};
			name = Release;
		};
		87ADCD2A29B6273300FE3F9E /* Debug */ = {
			isa = XCBuildConfiguration;
			buildSettings = {
				ASSETCATALOG_COMPILER_APPICON_NAME = AppIcon;
				ASSETCATALOG_COMPILER_GLOBAL_ACCENT_COLOR_NAME = AccentColor;
				CODE_SIGN_STYLE = Automatic;
				CURRENT_PROJECT_VERSION = 1;
				DEVELOPMENT_ASSET_PATHS = "\"VComponentsDemo/Preview Content\"";
				DEVELOPMENT_TEAM = XRWP42VX24;
				ENABLE_PREVIEWS = YES;
				GENERATE_INFOPLIST_FILE = YES;
				INFOPLIST_KEY_UIApplicationSceneManifest_Generation = YES;
				INFOPLIST_KEY_UIApplicationSupportsIndirectInputEvents = YES;
				INFOPLIST_KEY_UILaunchScreen_Generation = YES;
				INFOPLIST_KEY_UISupportedInterfaceOrientations = UIInterfaceOrientationPortrait;
				IPHONEOS_DEPLOYMENT_TARGET = 16.0;
				LD_RUNPATH_SEARCH_PATHS = (
					"$(inherited)",
					"@executable_path/Frameworks",
				);
				MARKETING_VERSION = 1.0;
				PRODUCT_BUNDLE_IDENTIFIER = "com.vakhtang-kontridze.vcomponents-demo";
				PRODUCT_NAME = "$(TARGET_NAME)";
				SWIFT_EMIT_LOC_STRINGS = YES;
				SWIFT_VERSION = 5.0;
				TARGETED_DEVICE_FAMILY = "1,2";
			};
			name = Debug;
		};
		87ADCD2B29B6273300FE3F9E /* Release */ = {
			isa = XCBuildConfiguration;
			buildSettings = {
				ASSETCATALOG_COMPILER_APPICON_NAME = AppIcon;
				ASSETCATALOG_COMPILER_GLOBAL_ACCENT_COLOR_NAME = AccentColor;
				CODE_SIGN_STYLE = Automatic;
				CURRENT_PROJECT_VERSION = 1;
				DEVELOPMENT_ASSET_PATHS = "\"VComponentsDemo/Preview Content\"";
				DEVELOPMENT_TEAM = XRWP42VX24;
				ENABLE_PREVIEWS = YES;
				GENERATE_INFOPLIST_FILE = YES;
				INFOPLIST_KEY_UIApplicationSceneManifest_Generation = YES;
				INFOPLIST_KEY_UIApplicationSupportsIndirectInputEvents = YES;
				INFOPLIST_KEY_UILaunchScreen_Generation = YES;
				INFOPLIST_KEY_UISupportedInterfaceOrientations = UIInterfaceOrientationPortrait;
				IPHONEOS_DEPLOYMENT_TARGET = 16.0;
				LD_RUNPATH_SEARCH_PATHS = (
					"$(inherited)",
					"@executable_path/Frameworks",
				);
				MARKETING_VERSION = 1.0;
				PRODUCT_BUNDLE_IDENTIFIER = "com.vakhtang-kontridze.vcomponents-demo";
				PRODUCT_NAME = "$(TARGET_NAME)";
				SWIFT_EMIT_LOC_STRINGS = YES;
				SWIFT_VERSION = 5.0;
				TARGETED_DEVICE_FAMILY = "1,2";
			};
			name = Release;
		};
/* End XCBuildConfiguration section */

/* Begin XCConfigurationList section */
		87ADCD1629B6273200FE3F9E /* Build configuration list for PBXProject "VComponentsDemo" */ = {
			isa = XCConfigurationList;
			buildConfigurations = (
				87ADCD2729B6273300FE3F9E /* Debug */,
				87ADCD2829B6273300FE3F9E /* Release */,
			);
			defaultConfigurationIsVisible = 0;
			defaultConfigurationName = Release;
		};
		87ADCD2929B6273300FE3F9E /* Build configuration list for PBXNativeTarget "VComponentsDemo" */ = {
			isa = XCConfigurationList;
			buildConfigurations = (
				87ADCD2A29B6273300FE3F9E /* Debug */,
				87ADCD2B29B6273300FE3F9E /* Release */,
			);
			defaultConfigurationIsVisible = 0;
			defaultConfigurationName = Release;
		};
/* End XCConfigurationList section */

/* Begin XCSwiftPackageProductDependency section */
		87ADCDA229B6279200FE3F9E /* VComponents */ = {
			isa = XCSwiftPackageProductDependency;
			productName = VComponents;
		};
/* End XCSwiftPackageProductDependency section */
	};
	rootObject = 87ADCD1329B6273200FE3F9E /* Project object */;
}
