// !$*UTF8*$!
{
	archiveVersion = 1;
	classes = {
	};
	objectVersion = 50;
	objects = {

/* Begin PBXBuildFile section */
		7A00731B258E27490003F0E9 /* VPlainButton.swift in Sources */ = {isa = PBXBuildFile; fileRef = 7A00731A258E27490003F0E9 /* VPlainButton.swift */; };
		7A00731F258E278F0003F0E9 /* VPlainButtonState.swift in Sources */ = {isa = PBXBuildFile; fileRef = 7A00731E258E278F0003F0E9 /* VPlainButtonState.swift */; };
		7A007323258E27C40003F0E9 /* VPlainButtonModelStandard.swift in Sources */ = {isa = PBXBuildFile; fileRef = 7A007322258E27C40003F0E9 /* VPlainButtonModelStandard.swift */; };
		7A00732F258E2B7D0003F0E9 /* VPlainButtonDemoView.swift in Sources */ = {isa = PBXBuildFile; fileRef = 7A00732E258E2B7D0003F0E9 /* VPlainButtonDemoView.swift */; };
		7A00733F258E2F000003F0E9 /* VSliderState.swift in Sources */ = {isa = PBXBuildFile; fileRef = 7A00733E258E2F000003F0E9 /* VSliderState.swift */; };
		7A007352258E38E40003F0E9 /* FontBook.swift in Sources */ = {isa = PBXBuildFile; fileRef = 7A007351258E38E40003F0E9 /* FontBook.swift */; };
		7A007358258E38E90003F0E9 /* ColorBook.swift in Sources */ = {isa = PBXBuildFile; fileRef = 7A007357258E38E90003F0E9 /* ColorBook.swift */; };
		7A00736B258E47280003F0E9 /* VToggle.swift in Sources */ = {isa = PBXBuildFile; fileRef = 7A00736A258E47280003F0E9 /* VToggle.swift */; };
		7A007375258E75DF0003F0E9 /* VToggleState.swift in Sources */ = {isa = PBXBuildFile; fileRef = 7A007374258E75DF0003F0E9 /* VToggleState.swift */; };
		7A00737F258E7C7A0003F0E9 /* VToggleDemoView.swift in Sources */ = {isa = PBXBuildFile; fileRef = 7A00737E258E7C7A0003F0E9 /* VToggleDemoView.swift */; };
		7A08F84825972DBC0049FB10 /* VTabNavigationViewType.swift in Sources */ = {isa = PBXBuildFile; fileRef = 7A08F84725972DBC0049FB10 /* VTabNavigationViewType.swift */; };
		7A08F84E25972EB40049FB10 /* VTabNavigationViewModelStandard.swift in Sources */ = {isa = PBXBuildFile; fileRef = 7A08F84D25972EB40049FB10 /* VTabNavigationViewModelStandard.swift */; };
		7A08F851259730B50049FB10 /* VTabNavigationViewPage.swift in Sources */ = {isa = PBXBuildFile; fileRef = 7A08F850259730B50049FB10 /* VTabNavigationViewPage.swift */; };
		7A08F858259731350049FB10 /* VTabNavigationView.swift in Sources */ = {isa = PBXBuildFile; fileRef = 7A08F857259731350049FB10 /* VTabNavigationView.swift */; };
		7A08F85C259731E60049FB10 /* VTabNavigationViewAppearanceStandard.swift in Sources */ = {isa = PBXBuildFile; fileRef = 7A08F85B259731E60049FB10 /* VTabNavigationViewAppearanceStandard.swift */; };
		7A08F85F259732730049FB10 /* VTabNavigationViewStandard.swift in Sources */ = {isa = PBXBuildFile; fileRef = 7A08F85E259732730049FB10 /* VTabNavigationViewStandard.swift */; };
		7A259B652597828700A12F8C /* VAlertExtension.swift in Sources */ = {isa = PBXBuildFile; fileRef = 7A259B642597828700A12F8C /* VAlertExtension.swift */; };
		7A259B682597834100A12F8C /* VAlertType.swift in Sources */ = {isa = PBXBuildFile; fileRef = 7A259B672597834100A12F8C /* VAlertType.swift */; };
		7A259B6B259783A100A12F8C /* VAlertDialogType.swift in Sources */ = {isa = PBXBuildFile; fileRef = 7A259B6A259783A100A12F8C /* VAlertDialogType.swift */; };
		7A259B6E259784CF00A12F8C /* VAlertDialogButton.swift in Sources */ = {isa = PBXBuildFile; fileRef = 7A259B6D259784CF00A12F8C /* VAlertDialogButton.swift */; };
		7A259B7325979F9300A12F8C /* VAlertPresenter.swift in Sources */ = {isa = PBXBuildFile; fileRef = 7A259B7225979F9300A12F8C /* VAlertPresenter.swift */; };
		7A259B7825979FC000A12F8C /* VAlertModelStandard.swift in Sources */ = {isa = PBXBuildFile; fileRef = 7A259B7725979FC000A12F8C /* VAlertModelStandard.swift */; };
		7A259B842597B2C600A12F8C /* VAlert.swift in Sources */ = {isa = PBXBuildFile; fileRef = 7A259B832597B2C600A12F8C /* VAlert.swift */; };
		7A259BBE2598FC7C00A12F8C /* VPrimaryButtonModelBordered.swift in Sources */ = {isa = PBXBuildFile; fileRef = 7A259BBD2598FC7C00A12F8C /* VPrimaryButtonModelBordered.swift */; };
		7A259BC12598FC8900A12F8C /* VPrimaryButtonModelFilled.swift in Sources */ = {isa = PBXBuildFile; fileRef = 7A259BC02598FC8900A12F8C /* VPrimaryButtonModelFilled.swift */; };
		7A2D6F30259734CB005513A7 /* VTabNavigationViewDemoView.swift in Sources */ = {isa = PBXBuildFile; fileRef = 7A2D6F2F259734CB005513A7 /* VTabNavigationViewDemoView.swift */; };
		7A3C1543258DE65F00CE1D96 /* ViewExtensions.swift in Sources */ = {isa = PBXBuildFile; fileRef = 7A3C1542258DE65F00CE1D96 /* ViewExtensions.swift */; };
		7A3C154D258DE69900CE1D96 /* ToggleSettingView.swift in Sources */ = {isa = PBXBuildFile; fileRef = 7A3C154C258DE69900CE1D96 /* ToggleSettingView.swift */; };
		7A3C1555258DE7B900CE1D96 /* VSpinnerType.swift in Sources */ = {isa = PBXBuildFile; fileRef = 7A3C1551258DE7B900CE1D96 /* VSpinnerType.swift */; };
		7A3C1556258DE7B900CE1D96 /* VSpinner.swift in Sources */ = {isa = PBXBuildFile; fileRef = 7A3C1552258DE7B900CE1D96 /* VSpinner.swift */; };
		7A3C1558258DE7B900CE1D96 /* VSpinnerContinous.swift in Sources */ = {isa = PBXBuildFile; fileRef = 7A3C1554258DE7B900CE1D96 /* VSpinnerContinous.swift */; };
		7A3C1560258DE7F400CE1D96 /* VSpinnerDemoView.swift in Sources */ = {isa = PBXBuildFile; fileRef = 7A3C155F258DE7F400CE1D96 /* VSpinnerDemoView.swift */; };
		7A3C1565258DECF400CE1D96 /* VSlider.swift in Sources */ = {isa = PBXBuildFile; fileRef = 7A3C1564258DECF400CE1D96 /* VSlider.swift */; };
		7A3C157F258DFCAA00CE1D96 /* VSliderDemoView.swift in Sources */ = {isa = PBXBuildFile; fileRef = 7A3C157E258DFCAA00CE1D96 /* VSliderDemoView.swift */; };
		7A3C1584258DFF5A00CE1D96 /* VLazyList.swift in Sources */ = {isa = PBXBuildFile; fileRef = 7A3C1583258DFF5A00CE1D96 /* VLazyList.swift */; };
		7A3C159B258E0A3D00CE1D96 /* VLazyListModelVertical.swift in Sources */ = {isa = PBXBuildFile; fileRef = 7A3C159A258E0A3D00CE1D96 /* VLazyListModelVertical.swift */; };
		7A48FDC8258DE48E00AA4D4D /* VSquareButton.swift in Sources */ = {isa = PBXBuildFile; fileRef = 7A48FDC4258DE48E00AA4D4D /* VSquareButton.swift */; };
		7A48FDC9258DE48E00AA4D4D /* VSquareButtonStandardModel.swift in Sources */ = {isa = PBXBuildFile; fileRef = 7A48FDC5258DE48E00AA4D4D /* VSquareButtonStandardModel.swift */; };
		7A48FDCA258DE48E00AA4D4D /* VSquareButtonState.swift in Sources */ = {isa = PBXBuildFile; fileRef = 7A48FDC6258DE48E00AA4D4D /* VSquareButtonState.swift */; };
		7A48FDDE258DE58800AA4D4D /* VCircularButtonDemoView.swift in Sources */ = {isa = PBXBuildFile; fileRef = 7A48FDDD258DE58800AA4D4D /* VCircularButtonDemoView.swift */; };
		7A4C4240259132F5000207DD /* Assets.xcassets in Resources */ = {isa = PBXBuildFile; fileRef = 7A4C423F259132F5000207DD /* Assets.xcassets */; };
		7A4C42862591FB5B000207DD /* VComponents.framework in Frameworks */ = {isa = PBXBuildFile; fileRef = 7A8A96E5258DDA9200309886 /* VComponents.framework */; };
		7A4C42872591FB5B000207DD /* VComponents.framework in Embed Frameworks */ = {isa = PBXBuildFile; fileRef = 7A8A96E5258DDA9200309886 /* VComponents.framework */; settings = {ATTRIBUTES = (CodeSignOnCopy, RemoveHeadersOnCopy, ); }; };
		7A4C42F4259228E8000207DD /* VNavigationView.swift in Sources */ = {isa = PBXBuildFile; fileRef = 7A4C42F3259228E8000207DD /* VNavigationView.swift */; };
		7A4C42F825922914000207DD /* VBaseView.swift in Sources */ = {isa = PBXBuildFile; fileRef = 7A4C42F725922914000207DD /* VBaseView.swift */; };
		7A4C43012592297F000207DD /* VBaseViewNavigationBarLeading.swift in Sources */ = {isa = PBXBuildFile; fileRef = 7A4C43002592297F000207DD /* VBaseViewNavigationBarLeading.swift */; };
		7A4C4304259229B2000207DD /* VBaseViewSwipeGesture.swift in Sources */ = {isa = PBXBuildFile; fileRef = 7A4C4303259229B2000207DD /* VBaseViewSwipeGesture.swift */; };
		7A4C431325923778000207DD /* VBaseViewModelLeading.swift in Sources */ = {isa = PBXBuildFile; fileRef = 7A4C431225923778000207DD /* VBaseViewModelLeading.swift */; };
		7A4C4317259237BB000207DD /* VNavigationViewModelFilled.swift in Sources */ = {isa = PBXBuildFile; fileRef = 7A4C4316259237BB000207DD /* VNavigationViewModelFilled.swift */; };
		7A4C431A259237CA000207DD /* VNavigationViewNavigationBar.swift in Sources */ = {isa = PBXBuildFile; fileRef = 7A4C4319259237CA000207DD /* VNavigationViewNavigationBar.swift */; };
		7A4C4344259242B7000207DD /* SceneDelegateExtensions.swift in Sources */ = {isa = PBXBuildFile; fileRef = 7A4C4343259242B7000207DD /* SceneDelegateExtensions.swift */; };
		7A4D0C1525949FF700108575 /* HomeSectionView.swift in Sources */ = {isa = PBXBuildFile; fileRef = 7A4D0C1425949FF700108575 /* HomeSectionView.swift */; };
		7A4D0C292594B8BB00108575 /* VPrimaryButtonBordered.swift in Sources */ = {isa = PBXBuildFile; fileRef = 7A4D0C282594B8BB00108575 /* VPrimaryButtonBordered.swift */; };
		7A4D0C2E2594C06A00108575 /* VSecondaryButton.swift in Sources */ = {isa = PBXBuildFile; fileRef = 7A4D0C2D2594C06A00108575 /* VSecondaryButton.swift */; };
		7A4D0C342594C0A300108575 /* VSecondaryButtonType.swift in Sources */ = {isa = PBXBuildFile; fileRef = 7A4D0C332594C0A300108575 /* VSecondaryButtonType.swift */; };
		7A4D0C372594C0CE00108575 /* VSecondaryButtonState.swift in Sources */ = {isa = PBXBuildFile; fileRef = 7A4D0C362594C0CE00108575 /* VSecondaryButtonState.swift */; };
		7A4D0C3B2594C11100108575 /* VSecondaryButtonModelFilled.swift in Sources */ = {isa = PBXBuildFile; fileRef = 7A4D0C3A2594C11100108575 /* VSecondaryButtonModelFilled.swift */; };
		7A4D0C3F2594C28A00108575 /* VSecondaryButtonFilled.swift in Sources */ = {isa = PBXBuildFile; fileRef = 7A4D0C3E2594C28A00108575 /* VSecondaryButtonFilled.swift */; };
		7A4D0C442594C71D00108575 /* VSecondaryButtonModelBordered.swift in Sources */ = {isa = PBXBuildFile; fileRef = 7A4D0C432594C71D00108575 /* VSecondaryButtonModelBordered.swift */; };
		7A4D0C482594C84500108575 /* VSecondaryButtonBordered.swift in Sources */ = {isa = PBXBuildFile; fileRef = 7A4D0C472594C84500108575 /* VSecondaryButtonBordered.swift */; };
		7A4D0C4C2594C91400108575 /* VSecondaryButtonDemoView.swift in Sources */ = {isa = PBXBuildFile; fileRef = 7A4D0C4B2594C91400108575 /* VSecondaryButtonDemoView.swift */; };
		7A4D0C562594D30A00108575 /* VSquareButtonModelBordered.swift in Sources */ = {isa = PBXBuildFile; fileRef = 7A4D0C552594D30A00108575 /* VSquareButtonModelBordered.swift */; };
		7A4D0C5A2594D34200108575 /* VSquareButtonBordered.swift in Sources */ = {isa = PBXBuildFile; fileRef = 7A4D0C592594D34200108575 /* VSquareButtonBordered.swift */; };
		7A59957E2592442A0087902B /* VNavigationViewAppearanceFilled.swift in Sources */ = {isa = PBXBuildFile; fileRef = 7A59957D2592442A0087902B /* VNavigationViewAppearanceFilled.swift */; };
		7A599581259245660087902B /* BaseDemoView.swift in Sources */ = {isa = PBXBuildFile; fileRef = 7A599580259245660087902B /* BaseDemoView.swift */; };
		7A599587259249BC0087902B /* VChevronButton.swift in Sources */ = {isa = PBXBuildFile; fileRef = 7A599586259249BB0087902B /* VChevronButton.swift */; };
		7A59958E25924F420087902B /* VSheet.swift in Sources */ = {isa = PBXBuildFile; fileRef = 7A59958D25924F420087902B /* VSheet.swift */; };
		7A59959125924F6C0087902B /* VSheetType.swift in Sources */ = {isa = PBXBuildFile; fileRef = 7A59959025924F6C0087902B /* VSheetType.swift */; };
		7A59959425924FD00087902B /* VSheetModel.swift in Sources */ = {isa = PBXBuildFile; fileRef = 7A59959325924FD00087902B /* VSheetModel.swift */; };
		7A6218022594878900515688 /* VNavigationViewType.swift in Sources */ = {isa = PBXBuildFile; fileRef = 7A6218012594878900515688 /* VNavigationViewType.swift */; };
		7A62180C259488D700515688 /* VNavigationViewTransparentModel.swift in Sources */ = {isa = PBXBuildFile; fileRef = 7A62180B259488D700515688 /* VNavigationViewTransparentModel.swift */; };
		7A6218112594892500515688 /* VNavigationViewTransparentAppearance.swift in Sources */ = {isa = PBXBuildFile; fileRef = 7A6218102594892500515688 /* VNavigationViewTransparentAppearance.swift */; };
		7A62181725948BBC00515688 /* VBaseViewType.swift in Sources */ = {isa = PBXBuildFile; fileRef = 7A62181625948BBC00515688 /* VBaseViewType.swift */; };
		7A62182025948DAB00515688 /* VBaseViewModelCenter.swift in Sources */ = {isa = PBXBuildFile; fileRef = 7A62181F25948DAB00515688 /* VBaseViewModelCenter.swift */; };
		7A62182425948DE800515688 /* VBaseViewNavigationBarCenter.swift in Sources */ = {isa = PBXBuildFile; fileRef = 7A62182325948DE800515688 /* VBaseViewNavigationBarCenter.swift */; };
		7A6218292594938C00515688 /* VLazyListType.swift in Sources */ = {isa = PBXBuildFile; fileRef = 7A6218282594938C00515688 /* VLazyListType.swift */; };
		7A6218302594943F00515688 /* VLazyListModelHorizontal.swift in Sources */ = {isa = PBXBuildFile; fileRef = 7A62182F2594943F00515688 /* VLazyListModelHorizontal.swift */; };
		7A621834259494CB00515688 /* VLazyListVertical.swift in Sources */ = {isa = PBXBuildFile; fileRef = 7A621833259494CB00515688 /* VLazyListVertical.swift */; };
		7A6218382594956400515688 /* VLazyListHorizontal.swift in Sources */ = {isa = PBXBuildFile; fileRef = 7A6218372594956400515688 /* VLazyListHorizontal.swift */; };
		7A6689502593AE0200A46F08 /* VPlainButtonType.swift in Sources */ = {isa = PBXBuildFile; fileRef = 7A66894F2593AE0200A46F08 /* VPlainButtonType.swift */; };
		7A66895D2593AEF800A46F08 /* VPlainButtonStandard.swift in Sources */ = {isa = PBXBuildFile; fileRef = 7A66895C2593AEF800A46F08 /* VPlainButtonStandard.swift */; };
		7A6689632593B05B00A46F08 /* VSquareButtonType.swift in Sources */ = {isa = PBXBuildFile; fileRef = 7A6689622593B05B00A46F08 /* VSquareButtonType.swift */; };
		7A6689692593B0AC00A46F08 /* VSquareButtonStandard.swift in Sources */ = {isa = PBXBuildFile; fileRef = 7A6689682593B0AC00A46F08 /* VSquareButtonStandard.swift */; };
		7A860D46259312B100B19A53 /* SettingRootView.swift in Sources */ = {isa = PBXBuildFile; fileRef = 7A860D45259312B100B19A53 /* SettingRootView.swift */; };
		7A860D4C259315C900B19A53 /* VChevronButtonDirection.swift in Sources */ = {isa = PBXBuildFile; fileRef = 7A860D4B259315C900B19A53 /* VChevronButtonDirection.swift */; };
		7A860D4F2593169600B19A53 /* VChevronButtonModelFilled.swift in Sources */ = {isa = PBXBuildFile; fileRef = 7A860D4E2593169600B19A53 /* VChevronButtonModelFilled.swift */; };
		7A860D5225931B3C00B19A53 /* VChevronButtonState.swift in Sources */ = {isa = PBXBuildFile; fileRef = 7A860D5125931B3C00B19A53 /* VChevronButtonState.swift */; };
		7A8A73832590BFE1001024FB /* VToggleStandard.swift in Sources */ = {isa = PBXBuildFile; fileRef = 7A8A73822590BFE1001024FB /* VToggleStandard.swift */; };
		7A8A73872590BFFA001024FB /* VToggleModelStandard.swift in Sources */ = {isa = PBXBuildFile; fileRef = 7A8A73862590BFFA001024FB /* VToggleModelStandard.swift */; };
		7A8A73922590C343001024FB /* VToggleToggleView.swift in Sources */ = {isa = PBXBuildFile; fileRef = 7A8A73912590C343001024FB /* VToggleToggleView.swift */; };
		7A8A73962590C6DF001024FB /* VToggleModelSetting.swift in Sources */ = {isa = PBXBuildFile; fileRef = 7A8A73952590C6DF001024FB /* VToggleModelSetting.swift */; };
		7A8A739A2590C72B001024FB /* VToggleSetting.swift in Sources */ = {isa = PBXBuildFile; fileRef = 7A8A73992590C72B001024FB /* VToggleSetting.swift */; };
		7A8A73A02590CCAE001024FB /* VToggleSpacerView.swift in Sources */ = {isa = PBXBuildFile; fileRef = 7A8A739F2590CCAE001024FB /* VToggleSpacerView.swift */; };
		7A8A73A42590CDCE001024FB /* VToggleContentView.swift in Sources */ = {isa = PBXBuildFile; fileRef = 7A8A73A32590CDCE001024FB /* VToggleContentView.swift */; };
		7A8A7448259109FD001024FB /* VSliderFrameView.swift in Sources */ = {isa = PBXBuildFile; fileRef = 7A8A7447259109FD001024FB /* VSliderFrameView.swift */; };
		7A8A744D25910E46001024FB /* VSliderModelStandard.swift in Sources */ = {isa = PBXBuildFile; fileRef = 7A8A744C25910E46001024FB /* VSliderModelStandard.swift */; };
		7A8A745125910F89001024FB /* VSliderStandard.swift in Sources */ = {isa = PBXBuildFile; fileRef = 7A8A745025910F89001024FB /* VSliderStandard.swift */; };
		7A8A7467259118DF001024FB /* VSpinnerModelContinous.swift in Sources */ = {isa = PBXBuildFile; fileRef = 7A8A7466259118DF001024FB /* VSpinnerModelContinous.swift */; };
		7A8A96EA258DDA9200309886 /* VComponents.h in Headers */ = {isa = PBXBuildFile; fileRef = 7A8A96E8258DDA9200309886 /* VComponents.h */; settings = {ATTRIBUTES = (Public, ); }; };
		7A8A96FC258DDC7800309886 /* AppDelegate.swift in Sources */ = {isa = PBXBuildFile; fileRef = 7A8A96FB258DDC7800309886 /* AppDelegate.swift */; };
		7A8A96FE258DDC7800309886 /* SceneDelegate.swift in Sources */ = {isa = PBXBuildFile; fileRef = 7A8A96FD258DDC7800309886 /* SceneDelegate.swift */; };
		7A8A9700258DDC7800309886 /* HomeView.swift in Sources */ = {isa = PBXBuildFile; fileRef = 7A8A96FF258DDC7800309886 /* HomeView.swift */; };
		7A8A9702258DDC7A00309886 /* Assets.xcassets in Resources */ = {isa = PBXBuildFile; fileRef = 7A8A9701258DDC7A00309886 /* Assets.xcassets */; };
		7A8A9705258DDC7A00309886 /* Preview Assets.xcassets in Resources */ = {isa = PBXBuildFile; fileRef = 7A8A9704258DDC7A00309886 /* Preview Assets.xcassets */; };
		7A8A9708258DDC7A00309886 /* LaunchScreen.storyboard in Resources */ = {isa = PBXBuildFile; fileRef = 7A8A9706258DDC7A00309886 /* LaunchScreen.storyboard */; };
		7A8A971F258DDD8400309886 /* ViewExtensions.swift in Sources */ = {isa = PBXBuildFile; fileRef = 7A8A971E258DDD8400309886 /* ViewExtensions.swift */; };
		7A8A9729258DDDA800309886 /* VPrimaryButton.swift in Sources */ = {isa = PBXBuildFile; fileRef = 7A8A9724258DDDA800309886 /* VPrimaryButton.swift */; };
		7A8A972A258DDDA800309886 /* VPrimaryButtonType.swift in Sources */ = {isa = PBXBuildFile; fileRef = 7A8A9725258DDDA800309886 /* VPrimaryButtonType.swift */; };
		7A8A972C258DDDA800309886 /* VPrimaryButtonState.swift in Sources */ = {isa = PBXBuildFile; fileRef = 7A8A9727258DDDA800309886 /* VPrimaryButtonState.swift */; };
		7A8A9739258DDEEE00309886 /* VPrimaryButtonDemoView.swift in Sources */ = {isa = PBXBuildFile; fileRef = 7A8A9738258DDEEE00309886 /* VPrimaryButtonDemoView.swift */; };
		7A8A9744258DDF4200309886 /* DemoRowView.swift in Sources */ = {isa = PBXBuildFile; fileRef = 7A8A9743258DDF4200309886 /* DemoRowView.swift */; };
		7AA499B8258F72C1002BD362 /* VToggleType.swift in Sources */ = {isa = PBXBuildFile; fileRef = 7AA499B7258F72C1002BD362 /* VToggleType.swift */; };
		7AA499CA258F82D2002BD362 /* VSliderType.swift in Sources */ = {isa = PBXBuildFile; fileRef = 7AA499C9258F82D2002BD362 /* VSliderType.swift */; };
		7AA9F3E425909E230060F210 /* VInteractiveView.swift in Sources */ = {isa = PBXBuildFile; fileRef = 7AA9F3E325909E230060F210 /* VInteractiveView.swift */; };
		7AA9F3F92590A9270060F210 /* VPrimaryButtonLoaderCompensatorView.swift in Sources */ = {isa = PBXBuildFile; fileRef = 7AA9F3F82590A9270060F210 /* VPrimaryButtonLoaderCompensatorView.swift */; };
		7AA9F3FD2590A9BC0060F210 /* VPrimaryButtonLoaderView.swift in Sources */ = {isa = PBXBuildFile; fileRef = 7AA9F3FC2590A9BC0060F210 /* VPrimaryButtonLoaderView.swift */; };
		7AA9F4012590AA8A0060F210 /* VGenericButtonContentView.swift in Sources */ = {isa = PBXBuildFile; fileRef = 7AA9F4002590AA8A0060F210 /* VGenericButtonContentView.swift */; };
		7AA9F4262590B1040060F210 /* VPrimaryButtonFilled.swift in Sources */ = {isa = PBXBuildFile; fileRef = 7AA9F4252590B1040060F210 /* VPrimaryButtonFilled.swift */; };
		7ABEA9DC259326EA00A90B56 /* VChevronButtonDemoView.swift in Sources */ = {isa = PBXBuildFile; fileRef = 7ABEA9DB259326EA00A90B56 /* VChevronButtonDemoView.swift */; };
		7ABEAA4F2593423400A90B56 /* VSheetDemoView.swift in Sources */ = {isa = PBXBuildFile; fileRef = 7ABEAA4E2593423400A90B56 /* VSheetDemoView.swift */; };
		7ABEAA5F2593465000A90B56 /* VSliderPlain.swift in Sources */ = {isa = PBXBuildFile; fileRef = 7ABEAA5E2593465000A90B56 /* VSliderPlain.swift */; };
		7ABEAA622593466600A90B56 /* VSliderModelPlain.swift in Sources */ = {isa = PBXBuildFile; fileRef = 7ABEAA612593466600A90B56 /* VSliderModelPlain.swift */; };
		7ABEAA6A2593474C00A90B56 /* VSheetModelRoundCustom.swift in Sources */ = {isa = PBXBuildFile; fileRef = 7ABEAA692593474C00A90B56 /* VSheetModelRoundCustom.swift */; };
		7ABEAA6E2593493900A90B56 /* VInteractiveViewDemoView.swift in Sources */ = {isa = PBXBuildFile; fileRef = 7ABEAA6D2593493900A90B56 /* VInteractiveViewDemoView.swift */; };
		7ABEAA7325934E5100A90B56 /* VNavigationViewDemoView.swift in Sources */ = {isa = PBXBuildFile; fileRef = 7ABEAA7225934E5100A90B56 /* VNavigationViewDemoView.swift */; };
		7ABEAA76259357A200A90B56 /* VBaseViewDemoView.swift in Sources */ = {isa = PBXBuildFile; fileRef = 7ABEAA75259357A200A90B56 /* VBaseViewDemoView.swift */; };
		7ABEAADC2593969E00A90B56 /* VLazyListDemoView.swift in Sources */ = {isa = PBXBuildFile; fileRef = 7ABEAADB2593969E00A90B56 /* VLazyListDemoView.swift */; };
		7AC5060125911A0800226656 /* VSpinnerModelDashed.swift in Sources */ = {isa = PBXBuildFile; fileRef = 7AC5060025911A0800226656 /* VSpinnerModelDashed.swift */; };
		7AC5060725911A4000226656 /* VSpinnerDashed.swift in Sources */ = {isa = PBXBuildFile; fileRef = 7AC5060625911A4000226656 /* VSpinnerDashed.swift */; };
		7AD809432594FCF000DABE49 /* VSideBar.swift in Sources */ = {isa = PBXBuildFile; fileRef = 7AD809422594FCF000DABE49 /* VSideBar.swift */; };
		7AD809472594FD9100DABE49 /* VSideBarExtension.swift in Sources */ = {isa = PBXBuildFile; fileRef = 7AD809462594FD9100DABE49 /* VSideBarExtension.swift */; };
		7AD809502594FDF900DABE49 /* VSideBarSwipeGesture.swift in Sources */ = {isa = PBXBuildFile; fileRef = 7AD8094F2594FDF900DABE49 /* VSideBarSwipeGesture.swift */; };
		7AD809532594FE1600DABE49 /* VSideBarType.swift in Sources */ = {isa = PBXBuildFile; fileRef = 7AD809522594FE1600DABE49 /* VSideBarType.swift */; };
		7AD809572594FF2F00DABE49 /* VSideBarStandard.swift in Sources */ = {isa = PBXBuildFile; fileRef = 7AD809562594FF2F00DABE49 /* VSideBarStandard.swift */; };
		7AD8095A2594FF3D00DABE49 /* VSideBarModelStandard.swift in Sources */ = {isa = PBXBuildFile; fileRef = 7AD809592594FF3D00DABE49 /* VSideBarModelStandard.swift */; };
		7AD809612595073C00DABE49 /* VSideBarDemoView.swift in Sources */ = {isa = PBXBuildFile; fileRef = 7AD809602595073C00DABE49 /* VSideBarDemoView.swift */; };
		7AE32A472593B89300DFD0C3 /* VChevronButtonType.swift in Sources */ = {isa = PBXBuildFile; fileRef = 7AE32A462593B89300DFD0C3 /* VChevronButtonType.swift */; };
		7AE32A4C2593B90400DFD0C3 /* VChevronButtonFilled.swift in Sources */ = {isa = PBXBuildFile; fileRef = 7AE32A4B2593B90400DFD0C3 /* VChevronButtonFilled.swift */; };
		7AE32A722593BD3400DFD0C3 /* VChevronButtonModelPlain.swift in Sources */ = {isa = PBXBuildFile; fileRef = 7AE32A712593BD3400DFD0C3 /* VChevronButtonModelPlain.swift */; };
		7AE32A762593BD7900DFD0C3 /* VChevronButtonPlain.swift in Sources */ = {isa = PBXBuildFile; fileRef = 7AE32A752593BD7900DFD0C3 /* VChevronButtonPlain.swift */; };
		7AE6078325926994009CDB28 /* HomeRowView.swift in Sources */ = {isa = PBXBuildFile; fileRef = 7AE6078225926994009CDB28 /* HomeRowView.swift */; };
/* End PBXBuildFile section */

/* Begin PBXContainerItemProxy section */
		7A4C42882591FB5B000207DD /* PBXContainerItemProxy */ = {
			isa = PBXContainerItemProxy;
			containerPortal = 7A8A96DC258DDA9200309886 /* Project object */;
			proxyType = 1;
			remoteGlobalIDString = 7A8A96E4258DDA9200309886;
			remoteInfo = VComponents;
		};
/* End PBXContainerItemProxy section */

/* Begin PBXCopyFilesBuildPhase section */
		7A4C428A2591FB5B000207DD /* Embed Frameworks */ = {
			isa = PBXCopyFilesBuildPhase;
			buildActionMask = 2147483647;
			dstPath = "";
			dstSubfolderSpec = 10;
			files = (
				7A4C42872591FB5B000207DD /* VComponents.framework in Embed Frameworks */,
			);
			name = "Embed Frameworks";
			runOnlyForDeploymentPostprocessing = 0;
		};
/* End PBXCopyFilesBuildPhase section */

/* Begin PBXFileReference section */
		7A00731A258E27490003F0E9 /* VPlainButton.swift */ = {isa = PBXFileReference; lastKnownFileType = sourcecode.swift; path = VPlainButton.swift; sourceTree = "<group>"; };
		7A00731E258E278F0003F0E9 /* VPlainButtonState.swift */ = {isa = PBXFileReference; lastKnownFileType = sourcecode.swift; path = VPlainButtonState.swift; sourceTree = "<group>"; };
		7A007322258E27C40003F0E9 /* VPlainButtonModelStandard.swift */ = {isa = PBXFileReference; lastKnownFileType = sourcecode.swift; path = VPlainButtonModelStandard.swift; sourceTree = "<group>"; };
		7A00732E258E2B7D0003F0E9 /* VPlainButtonDemoView.swift */ = {isa = PBXFileReference; lastKnownFileType = sourcecode.swift; path = VPlainButtonDemoView.swift; sourceTree = "<group>"; };
		7A00733E258E2F000003F0E9 /* VSliderState.swift */ = {isa = PBXFileReference; lastKnownFileType = sourcecode.swift; path = VSliderState.swift; sourceTree = "<group>"; };
		7A007351258E38E40003F0E9 /* FontBook.swift */ = {isa = PBXFileReference; lastKnownFileType = sourcecode.swift; path = FontBook.swift; sourceTree = "<group>"; };
		7A007357258E38E90003F0E9 /* ColorBook.swift */ = {isa = PBXFileReference; lastKnownFileType = sourcecode.swift; path = ColorBook.swift; sourceTree = "<group>"; };
		7A00736A258E47280003F0E9 /* VToggle.swift */ = {isa = PBXFileReference; lastKnownFileType = sourcecode.swift; path = VToggle.swift; sourceTree = "<group>"; };
		7A007374258E75DF0003F0E9 /* VToggleState.swift */ = {isa = PBXFileReference; lastKnownFileType = sourcecode.swift; path = VToggleState.swift; sourceTree = "<group>"; };
		7A00737E258E7C7A0003F0E9 /* VToggleDemoView.swift */ = {isa = PBXFileReference; lastKnownFileType = sourcecode.swift; path = VToggleDemoView.swift; sourceTree = "<group>"; };
		7A08F84725972DBC0049FB10 /* VTabNavigationViewType.swift */ = {isa = PBXFileReference; lastKnownFileType = sourcecode.swift; path = VTabNavigationViewType.swift; sourceTree = "<group>"; };
		7A08F84D25972EB40049FB10 /* VTabNavigationViewModelStandard.swift */ = {isa = PBXFileReference; lastKnownFileType = sourcecode.swift; path = VTabNavigationViewModelStandard.swift; sourceTree = "<group>"; };
		7A08F850259730B50049FB10 /* VTabNavigationViewPage.swift */ = {isa = PBXFileReference; lastKnownFileType = sourcecode.swift; path = VTabNavigationViewPage.swift; sourceTree = "<group>"; };
		7A08F857259731350049FB10 /* VTabNavigationView.swift */ = {isa = PBXFileReference; lastKnownFileType = sourcecode.swift; path = VTabNavigationView.swift; sourceTree = "<group>"; };
		7A08F85B259731E60049FB10 /* VTabNavigationViewAppearanceStandard.swift */ = {isa = PBXFileReference; lastKnownFileType = sourcecode.swift; path = VTabNavigationViewAppearanceStandard.swift; sourceTree = "<group>"; };
		7A08F85E259732730049FB10 /* VTabNavigationViewStandard.swift */ = {isa = PBXFileReference; lastKnownFileType = sourcecode.swift; path = VTabNavigationViewStandard.swift; sourceTree = "<group>"; };
		7A259B642597828700A12F8C /* VAlertExtension.swift */ = {isa = PBXFileReference; lastKnownFileType = sourcecode.swift; path = VAlertExtension.swift; sourceTree = "<group>"; };
		7A259B672597834100A12F8C /* VAlertType.swift */ = {isa = PBXFileReference; lastKnownFileType = sourcecode.swift; path = VAlertType.swift; sourceTree = "<group>"; };
		7A259B6A259783A100A12F8C /* VAlertDialogType.swift */ = {isa = PBXFileReference; lastKnownFileType = sourcecode.swift; path = VAlertDialogType.swift; sourceTree = "<group>"; };
		7A259B6D259784CF00A12F8C /* VAlertDialogButton.swift */ = {isa = PBXFileReference; lastKnownFileType = sourcecode.swift; path = VAlertDialogButton.swift; sourceTree = "<group>"; };
		7A259B7225979F9300A12F8C /* VAlertPresenter.swift */ = {isa = PBXFileReference; lastKnownFileType = sourcecode.swift; path = VAlertPresenter.swift; sourceTree = "<group>"; };
		7A259B7725979FC000A12F8C /* VAlertModelStandard.swift */ = {isa = PBXFileReference; lastKnownFileType = sourcecode.swift; path = VAlertModelStandard.swift; sourceTree = "<group>"; };
		7A259B832597B2C600A12F8C /* VAlert.swift */ = {isa = PBXFileReference; lastKnownFileType = sourcecode.swift; path = VAlert.swift; sourceTree = "<group>"; };
		7A259BBD2598FC7C00A12F8C /* VPrimaryButtonModelBordered.swift */ = {isa = PBXFileReference; lastKnownFileType = sourcecode.swift; path = VPrimaryButtonModelBordered.swift; sourceTree = "<group>"; };
		7A259BC02598FC8900A12F8C /* VPrimaryButtonModelFilled.swift */ = {isa = PBXFileReference; lastKnownFileType = sourcecode.swift; path = VPrimaryButtonModelFilled.swift; sourceTree = "<group>"; };
		7A2D6F2F259734CB005513A7 /* VTabNavigationViewDemoView.swift */ = {isa = PBXFileReference; lastKnownFileType = sourcecode.swift; path = VTabNavigationViewDemoView.swift; sourceTree = "<group>"; };
		7A3C1542258DE65F00CE1D96 /* ViewExtensions.swift */ = {isa = PBXFileReference; lastKnownFileType = sourcecode.swift; path = ViewExtensions.swift; sourceTree = "<group>"; };
		7A3C154C258DE69900CE1D96 /* ToggleSettingView.swift */ = {isa = PBXFileReference; lastKnownFileType = sourcecode.swift; path = ToggleSettingView.swift; sourceTree = "<group>"; };
		7A3C1551258DE7B900CE1D96 /* VSpinnerType.swift */ = {isa = PBXFileReference; fileEncoding = 4; lastKnownFileType = sourcecode.swift; path = VSpinnerType.swift; sourceTree = "<group>"; };
		7A3C1552258DE7B900CE1D96 /* VSpinner.swift */ = {isa = PBXFileReference; fileEncoding = 4; lastKnownFileType = sourcecode.swift; path = VSpinner.swift; sourceTree = "<group>"; };
		7A3C1554258DE7B900CE1D96 /* VSpinnerContinous.swift */ = {isa = PBXFileReference; fileEncoding = 4; lastKnownFileType = sourcecode.swift; path = VSpinnerContinous.swift; sourceTree = "<group>"; };
		7A3C155F258DE7F400CE1D96 /* VSpinnerDemoView.swift */ = {isa = PBXFileReference; lastKnownFileType = sourcecode.swift; path = VSpinnerDemoView.swift; sourceTree = "<group>"; };
		7A3C1564258DECF400CE1D96 /* VSlider.swift */ = {isa = PBXFileReference; lastKnownFileType = sourcecode.swift; path = VSlider.swift; sourceTree = "<group>"; };
		7A3C157E258DFCAA00CE1D96 /* VSliderDemoView.swift */ = {isa = PBXFileReference; lastKnownFileType = sourcecode.swift; path = VSliderDemoView.swift; sourceTree = "<group>"; };
		7A3C1583258DFF5A00CE1D96 /* VLazyList.swift */ = {isa = PBXFileReference; lastKnownFileType = sourcecode.swift; path = VLazyList.swift; sourceTree = "<group>"; };
		7A3C159A258E0A3D00CE1D96 /* VLazyListModelVertical.swift */ = {isa = PBXFileReference; lastKnownFileType = sourcecode.swift; path = VLazyListModelVertical.swift; sourceTree = "<group>"; };
		7A48FDC4258DE48E00AA4D4D /* VSquareButton.swift */ = {isa = PBXFileReference; fileEncoding = 4; lastKnownFileType = sourcecode.swift; path = VSquareButton.swift; sourceTree = "<group>"; };
		7A48FDC5258DE48E00AA4D4D /* VSquareButtonStandardModel.swift */ = {isa = PBXFileReference; fileEncoding = 4; lastKnownFileType = sourcecode.swift; path = VSquareButtonStandardModel.swift; sourceTree = "<group>"; };
		7A48FDC6258DE48E00AA4D4D /* VSquareButtonState.swift */ = {isa = PBXFileReference; fileEncoding = 4; lastKnownFileType = sourcecode.swift; path = VSquareButtonState.swift; sourceTree = "<group>"; };
		7A48FDDD258DE58800AA4D4D /* VCircularButtonDemoView.swift */ = {isa = PBXFileReference; lastKnownFileType = sourcecode.swift; path = VCircularButtonDemoView.swift; sourceTree = "<group>"; };
		7A4C423F259132F5000207DD /* Assets.xcassets */ = {isa = PBXFileReference; lastKnownFileType = folder.assetcatalog; path = Assets.xcassets; sourceTree = "<group>"; };
		7A4C42F3259228E8000207DD /* VNavigationView.swift */ = {isa = PBXFileReference; lastKnownFileType = sourcecode.swift; path = VNavigationView.swift; sourceTree = "<group>"; };
		7A4C42F725922914000207DD /* VBaseView.swift */ = {isa = PBXFileReference; lastKnownFileType = sourcecode.swift; path = VBaseView.swift; sourceTree = "<group>"; };
		7A4C43002592297F000207DD /* VBaseViewNavigationBarLeading.swift */ = {isa = PBXFileReference; lastKnownFileType = sourcecode.swift; path = VBaseViewNavigationBarLeading.swift; sourceTree = "<group>"; };
		7A4C4303259229B2000207DD /* VBaseViewSwipeGesture.swift */ = {isa = PBXFileReference; lastKnownFileType = sourcecode.swift; path = VBaseViewSwipeGesture.swift; sourceTree = "<group>"; };
		7A4C431225923778000207DD /* VBaseViewModelLeading.swift */ = {isa = PBXFileReference; lastKnownFileType = sourcecode.swift; path = VBaseViewModelLeading.swift; sourceTree = "<group>"; };
		7A4C4316259237BB000207DD /* VNavigationViewModelFilled.swift */ = {isa = PBXFileReference; fileEncoding = 4; lastKnownFileType = sourcecode.swift; path = VNavigationViewModelFilled.swift; sourceTree = "<group>"; };
		7A4C4319259237CA000207DD /* VNavigationViewNavigationBar.swift */ = {isa = PBXFileReference; fileEncoding = 4; lastKnownFileType = sourcecode.swift; path = VNavigationViewNavigationBar.swift; sourceTree = "<group>"; };
		7A4C4343259242B7000207DD /* SceneDelegateExtensions.swift */ = {isa = PBXFileReference; lastKnownFileType = sourcecode.swift; path = SceneDelegateExtensions.swift; sourceTree = "<group>"; };
		7A4D0C1425949FF700108575 /* HomeSectionView.swift */ = {isa = PBXFileReference; lastKnownFileType = sourcecode.swift; path = HomeSectionView.swift; sourceTree = "<group>"; };
		7A4D0C282594B8BB00108575 /* VPrimaryButtonBordered.swift */ = {isa = PBXFileReference; lastKnownFileType = sourcecode.swift; path = VPrimaryButtonBordered.swift; sourceTree = "<group>"; };
		7A4D0C2D2594C06A00108575 /* VSecondaryButton.swift */ = {isa = PBXFileReference; lastKnownFileType = sourcecode.swift; path = VSecondaryButton.swift; sourceTree = "<group>"; };
		7A4D0C332594C0A300108575 /* VSecondaryButtonType.swift */ = {isa = PBXFileReference; lastKnownFileType = sourcecode.swift; path = VSecondaryButtonType.swift; sourceTree = "<group>"; };
		7A4D0C362594C0CE00108575 /* VSecondaryButtonState.swift */ = {isa = PBXFileReference; lastKnownFileType = sourcecode.swift; path = VSecondaryButtonState.swift; sourceTree = "<group>"; };
		7A4D0C3A2594C11100108575 /* VSecondaryButtonModelFilled.swift */ = {isa = PBXFileReference; lastKnownFileType = sourcecode.swift; path = VSecondaryButtonModelFilled.swift; sourceTree = "<group>"; };
		7A4D0C3E2594C28A00108575 /* VSecondaryButtonFilled.swift */ = {isa = PBXFileReference; lastKnownFileType = sourcecode.swift; path = VSecondaryButtonFilled.swift; sourceTree = "<group>"; };
		7A4D0C432594C71D00108575 /* VSecondaryButtonModelBordered.swift */ = {isa = PBXFileReference; lastKnownFileType = sourcecode.swift; path = VSecondaryButtonModelBordered.swift; sourceTree = "<group>"; };
		7A4D0C472594C84500108575 /* VSecondaryButtonBordered.swift */ = {isa = PBXFileReference; lastKnownFileType = sourcecode.swift; path = VSecondaryButtonBordered.swift; sourceTree = "<group>"; };
		7A4D0C4B2594C91400108575 /* VSecondaryButtonDemoView.swift */ = {isa = PBXFileReference; lastKnownFileType = sourcecode.swift; path = VSecondaryButtonDemoView.swift; sourceTree = "<group>"; };
		7A4D0C552594D30A00108575 /* VSquareButtonModelBordered.swift */ = {isa = PBXFileReference; lastKnownFileType = sourcecode.swift; path = VSquareButtonModelBordered.swift; sourceTree = "<group>"; };
		7A4D0C592594D34200108575 /* VSquareButtonBordered.swift */ = {isa = PBXFileReference; lastKnownFileType = sourcecode.swift; path = VSquareButtonBordered.swift; sourceTree = "<group>"; };
		7A59957D2592442A0087902B /* VNavigationViewAppearanceFilled.swift */ = {isa = PBXFileReference; fileEncoding = 4; lastKnownFileType = sourcecode.swift; path = VNavigationViewAppearanceFilled.swift; sourceTree = "<group>"; };
		7A599580259245660087902B /* BaseDemoView.swift */ = {isa = PBXFileReference; lastKnownFileType = sourcecode.swift; path = BaseDemoView.swift; sourceTree = "<group>"; };
		7A599586259249BB0087902B /* VChevronButton.swift */ = {isa = PBXFileReference; lastKnownFileType = sourcecode.swift; path = VChevronButton.swift; sourceTree = "<group>"; };
		7A59958D25924F420087902B /* VSheet.swift */ = {isa = PBXFileReference; lastKnownFileType = sourcecode.swift; path = VSheet.swift; sourceTree = "<group>"; };
		7A59959025924F6C0087902B /* VSheetType.swift */ = {isa = PBXFileReference; lastKnownFileType = sourcecode.swift; path = VSheetType.swift; sourceTree = "<group>"; };
		7A59959325924FD00087902B /* VSheetModel.swift */ = {isa = PBXFileReference; lastKnownFileType = sourcecode.swift; path = VSheetModel.swift; sourceTree = "<group>"; };
		7A6218012594878900515688 /* VNavigationViewType.swift */ = {isa = PBXFileReference; lastKnownFileType = sourcecode.swift; path = VNavigationViewType.swift; sourceTree = "<group>"; };
		7A62180B259488D700515688 /* VNavigationViewTransparentModel.swift */ = {isa = PBXFileReference; lastKnownFileType = sourcecode.swift; path = VNavigationViewTransparentModel.swift; sourceTree = "<group>"; };
		7A6218102594892500515688 /* VNavigationViewTransparentAppearance.swift */ = {isa = PBXFileReference; lastKnownFileType = sourcecode.swift; path = VNavigationViewTransparentAppearance.swift; sourceTree = "<group>"; };
		7A62181625948BBC00515688 /* VBaseViewType.swift */ = {isa = PBXFileReference; lastKnownFileType = sourcecode.swift; path = VBaseViewType.swift; sourceTree = "<group>"; };
		7A62181F25948DAB00515688 /* VBaseViewModelCenter.swift */ = {isa = PBXFileReference; lastKnownFileType = sourcecode.swift; path = VBaseViewModelCenter.swift; sourceTree = "<group>"; };
		7A62182325948DE800515688 /* VBaseViewNavigationBarCenter.swift */ = {isa = PBXFileReference; lastKnownFileType = sourcecode.swift; path = VBaseViewNavigationBarCenter.swift; sourceTree = "<group>"; };
		7A6218282594938C00515688 /* VLazyListType.swift */ = {isa = PBXFileReference; lastKnownFileType = sourcecode.swift; path = VLazyListType.swift; sourceTree = "<group>"; };
		7A62182F2594943F00515688 /* VLazyListModelHorizontal.swift */ = {isa = PBXFileReference; lastKnownFileType = sourcecode.swift; path = VLazyListModelHorizontal.swift; sourceTree = "<group>"; };
		7A621833259494CB00515688 /* VLazyListVertical.swift */ = {isa = PBXFileReference; lastKnownFileType = sourcecode.swift; path = VLazyListVertical.swift; sourceTree = "<group>"; };
		7A6218372594956400515688 /* VLazyListHorizontal.swift */ = {isa = PBXFileReference; lastKnownFileType = sourcecode.swift; path = VLazyListHorizontal.swift; sourceTree = "<group>"; };
		7A66894F2593AE0200A46F08 /* VPlainButtonType.swift */ = {isa = PBXFileReference; lastKnownFileType = sourcecode.swift; path = VPlainButtonType.swift; sourceTree = "<group>"; };
		7A66895C2593AEF800A46F08 /* VPlainButtonStandard.swift */ = {isa = PBXFileReference; lastKnownFileType = sourcecode.swift; path = VPlainButtonStandard.swift; sourceTree = "<group>"; };
		7A6689622593B05B00A46F08 /* VSquareButtonType.swift */ = {isa = PBXFileReference; lastKnownFileType = sourcecode.swift; path = VSquareButtonType.swift; sourceTree = "<group>"; };
		7A6689682593B0AC00A46F08 /* VSquareButtonStandard.swift */ = {isa = PBXFileReference; lastKnownFileType = sourcecode.swift; path = VSquareButtonStandard.swift; sourceTree = "<group>"; };
		7A860D45259312B100B19A53 /* SettingRootView.swift */ = {isa = PBXFileReference; lastKnownFileType = sourcecode.swift; path = SettingRootView.swift; sourceTree = "<group>"; };
		7A860D4B259315C900B19A53 /* VChevronButtonDirection.swift */ = {isa = PBXFileReference; lastKnownFileType = sourcecode.swift; path = VChevronButtonDirection.swift; sourceTree = "<group>"; };
		7A860D4E2593169600B19A53 /* VChevronButtonModelFilled.swift */ = {isa = PBXFileReference; lastKnownFileType = sourcecode.swift; path = VChevronButtonModelFilled.swift; sourceTree = "<group>"; };
		7A860D5125931B3C00B19A53 /* VChevronButtonState.swift */ = {isa = PBXFileReference; lastKnownFileType = sourcecode.swift; path = VChevronButtonState.swift; sourceTree = "<group>"; };
		7A8A73822590BFE1001024FB /* VToggleStandard.swift */ = {isa = PBXFileReference; lastKnownFileType = sourcecode.swift; path = VToggleStandard.swift; sourceTree = "<group>"; };
		7A8A73862590BFFA001024FB /* VToggleModelStandard.swift */ = {isa = PBXFileReference; lastKnownFileType = sourcecode.swift; path = VToggleModelStandard.swift; sourceTree = "<group>"; };
		7A8A73912590C343001024FB /* VToggleToggleView.swift */ = {isa = PBXFileReference; lastKnownFileType = sourcecode.swift; path = VToggleToggleView.swift; sourceTree = "<group>"; };
		7A8A73952590C6DF001024FB /* VToggleModelSetting.swift */ = {isa = PBXFileReference; lastKnownFileType = sourcecode.swift; path = VToggleModelSetting.swift; sourceTree = "<group>"; };
		7A8A73992590C72B001024FB /* VToggleSetting.swift */ = {isa = PBXFileReference; lastKnownFileType = sourcecode.swift; path = VToggleSetting.swift; sourceTree = "<group>"; };
		7A8A739F2590CCAE001024FB /* VToggleSpacerView.swift */ = {isa = PBXFileReference; lastKnownFileType = sourcecode.swift; path = VToggleSpacerView.swift; sourceTree = "<group>"; };
		7A8A73A32590CDCE001024FB /* VToggleContentView.swift */ = {isa = PBXFileReference; lastKnownFileType = sourcecode.swift; path = VToggleContentView.swift; sourceTree = "<group>"; };
		7A8A7447259109FD001024FB /* VSliderFrameView.swift */ = {isa = PBXFileReference; lastKnownFileType = sourcecode.swift; path = VSliderFrameView.swift; sourceTree = "<group>"; };
		7A8A744C25910E46001024FB /* VSliderModelStandard.swift */ = {isa = PBXFileReference; lastKnownFileType = sourcecode.swift; path = VSliderModelStandard.swift; sourceTree = "<group>"; };
		7A8A745025910F89001024FB /* VSliderStandard.swift */ = {isa = PBXFileReference; lastKnownFileType = sourcecode.swift; path = VSliderStandard.swift; sourceTree = "<group>"; };
		7A8A7466259118DF001024FB /* VSpinnerModelContinous.swift */ = {isa = PBXFileReference; lastKnownFileType = sourcecode.swift; path = VSpinnerModelContinous.swift; sourceTree = "<group>"; };
		7A8A96E5258DDA9200309886 /* VComponents.framework */ = {isa = PBXFileReference; explicitFileType = wrapper.framework; includeInIndex = 0; path = VComponents.framework; sourceTree = BUILT_PRODUCTS_DIR; };
		7A8A96E8258DDA9200309886 /* VComponents.h */ = {isa = PBXFileReference; lastKnownFileType = sourcecode.c.h; path = VComponents.h; sourceTree = "<group>"; };
		7A8A96E9258DDA9200309886 /* Info.plist */ = {isa = PBXFileReference; lastKnownFileType = text.plist.xml; path = Info.plist; sourceTree = "<group>"; };
		7A8A96F9258DDC7800309886 /* VComponentsDemo.app */ = {isa = PBXFileReference; explicitFileType = wrapper.application; includeInIndex = 0; path = VComponentsDemo.app; sourceTree = BUILT_PRODUCTS_DIR; };
		7A8A96FB258DDC7800309886 /* AppDelegate.swift */ = {isa = PBXFileReference; lastKnownFileType = sourcecode.swift; path = AppDelegate.swift; sourceTree = "<group>"; };
		7A8A96FD258DDC7800309886 /* SceneDelegate.swift */ = {isa = PBXFileReference; lastKnownFileType = sourcecode.swift; path = SceneDelegate.swift; sourceTree = "<group>"; };
		7A8A96FF258DDC7800309886 /* HomeView.swift */ = {isa = PBXFileReference; lastKnownFileType = sourcecode.swift; path = HomeView.swift; sourceTree = "<group>"; };
		7A8A9701258DDC7A00309886 /* Assets.xcassets */ = {isa = PBXFileReference; lastKnownFileType = folder.assetcatalog; path = Assets.xcassets; sourceTree = "<group>"; };
		7A8A9704258DDC7A00309886 /* Preview Assets.xcassets */ = {isa = PBXFileReference; lastKnownFileType = folder.assetcatalog; path = "Preview Assets.xcassets"; sourceTree = "<group>"; };
		7A8A9707258DDC7A00309886 /* Base */ = {isa = PBXFileReference; lastKnownFileType = file.storyboard; name = Base; path = Base.lproj/LaunchScreen.storyboard; sourceTree = "<group>"; };
		7A8A9709258DDC7A00309886 /* Info.plist */ = {isa = PBXFileReference; lastKnownFileType = text.plist.xml; path = Info.plist; sourceTree = "<group>"; };
		7A8A971E258DDD8400309886 /* ViewExtensions.swift */ = {isa = PBXFileReference; lastKnownFileType = sourcecode.swift; path = ViewExtensions.swift; sourceTree = "<group>"; };
		7A8A9724258DDDA800309886 /* VPrimaryButton.swift */ = {isa = PBXFileReference; fileEncoding = 4; lastKnownFileType = sourcecode.swift; path = VPrimaryButton.swift; sourceTree = "<group>"; };
		7A8A9725258DDDA800309886 /* VPrimaryButtonType.swift */ = {isa = PBXFileReference; fileEncoding = 4; lastKnownFileType = sourcecode.swift; path = VPrimaryButtonType.swift; sourceTree = "<group>"; };
		7A8A9727258DDDA800309886 /* VPrimaryButtonState.swift */ = {isa = PBXFileReference; fileEncoding = 4; lastKnownFileType = sourcecode.swift; path = VPrimaryButtonState.swift; sourceTree = "<group>"; };
		7A8A9738258DDEEE00309886 /* VPrimaryButtonDemoView.swift */ = {isa = PBXFileReference; lastKnownFileType = sourcecode.swift; path = VPrimaryButtonDemoView.swift; sourceTree = "<group>"; };
		7A8A9743258DDF4200309886 /* DemoRowView.swift */ = {isa = PBXFileReference; lastKnownFileType = sourcecode.swift; path = DemoRowView.swift; sourceTree = "<group>"; };
		7AA499B7258F72C1002BD362 /* VToggleType.swift */ = {isa = PBXFileReference; lastKnownFileType = sourcecode.swift; path = VToggleType.swift; sourceTree = "<group>"; };
		7AA499C9258F82D2002BD362 /* VSliderType.swift */ = {isa = PBXFileReference; lastKnownFileType = sourcecode.swift; path = VSliderType.swift; sourceTree = "<group>"; };
		7AA9F3E325909E230060F210 /* VInteractiveView.swift */ = {isa = PBXFileReference; lastKnownFileType = sourcecode.swift; path = VInteractiveView.swift; sourceTree = "<group>"; };
		7AA9F3F82590A9270060F210 /* VPrimaryButtonLoaderCompensatorView.swift */ = {isa = PBXFileReference; lastKnownFileType = sourcecode.swift; path = VPrimaryButtonLoaderCompensatorView.swift; sourceTree = "<group>"; };
		7AA9F3FC2590A9BC0060F210 /* VPrimaryButtonLoaderView.swift */ = {isa = PBXFileReference; lastKnownFileType = sourcecode.swift; path = VPrimaryButtonLoaderView.swift; sourceTree = "<group>"; };
		7AA9F4002590AA8A0060F210 /* VGenericButtonContentView.swift */ = {isa = PBXFileReference; lastKnownFileType = sourcecode.swift; path = VGenericButtonContentView.swift; sourceTree = "<group>"; };
		7AA9F4252590B1040060F210 /* VPrimaryButtonFilled.swift */ = {isa = PBXFileReference; lastKnownFileType = sourcecode.swift; path = VPrimaryButtonFilled.swift; sourceTree = "<group>"; };
		7ABEA9DB259326EA00A90B56 /* VChevronButtonDemoView.swift */ = {isa = PBXFileReference; lastKnownFileType = sourcecode.swift; path = VChevronButtonDemoView.swift; sourceTree = "<group>"; };
		7ABEAA4E2593423400A90B56 /* VSheetDemoView.swift */ = {isa = PBXFileReference; lastKnownFileType = sourcecode.swift; path = VSheetDemoView.swift; sourceTree = "<group>"; };
		7ABEAA5E2593465000A90B56 /* VSliderPlain.swift */ = {isa = PBXFileReference; lastKnownFileType = sourcecode.swift; path = VSliderPlain.swift; sourceTree = "<group>"; };
		7ABEAA612593466600A90B56 /* VSliderModelPlain.swift */ = {isa = PBXFileReference; lastKnownFileType = sourcecode.swift; path = VSliderModelPlain.swift; sourceTree = "<group>"; };
		7ABEAA692593474C00A90B56 /* VSheetModelRoundCustom.swift */ = {isa = PBXFileReference; lastKnownFileType = sourcecode.swift; path = VSheetModelRoundCustom.swift; sourceTree = "<group>"; };
		7ABEAA6D2593493900A90B56 /* VInteractiveViewDemoView.swift */ = {isa = PBXFileReference; lastKnownFileType = sourcecode.swift; path = VInteractiveViewDemoView.swift; sourceTree = "<group>"; };
		7ABEAA7225934E5100A90B56 /* VNavigationViewDemoView.swift */ = {isa = PBXFileReference; lastKnownFileType = sourcecode.swift; path = VNavigationViewDemoView.swift; sourceTree = "<group>"; };
		7ABEAA75259357A200A90B56 /* VBaseViewDemoView.swift */ = {isa = PBXFileReference; lastKnownFileType = sourcecode.swift; path = VBaseViewDemoView.swift; sourceTree = "<group>"; };
		7ABEAADB2593969E00A90B56 /* VLazyListDemoView.swift */ = {isa = PBXFileReference; lastKnownFileType = sourcecode.swift; path = VLazyListDemoView.swift; sourceTree = "<group>"; };
		7AC5060025911A0800226656 /* VSpinnerModelDashed.swift */ = {isa = PBXFileReference; lastKnownFileType = sourcecode.swift; path = VSpinnerModelDashed.swift; sourceTree = "<group>"; };
		7AC5060625911A4000226656 /* VSpinnerDashed.swift */ = {isa = PBXFileReference; lastKnownFileType = sourcecode.swift; path = VSpinnerDashed.swift; sourceTree = "<group>"; };
		7AD809422594FCF000DABE49 /* VSideBar.swift */ = {isa = PBXFileReference; lastKnownFileType = sourcecode.swift; path = VSideBar.swift; sourceTree = "<group>"; };
		7AD809462594FD9100DABE49 /* VSideBarExtension.swift */ = {isa = PBXFileReference; lastKnownFileType = sourcecode.swift; path = VSideBarExtension.swift; sourceTree = "<group>"; };
		7AD8094F2594FDF900DABE49 /* VSideBarSwipeGesture.swift */ = {isa = PBXFileReference; lastKnownFileType = sourcecode.swift; path = VSideBarSwipeGesture.swift; sourceTree = "<group>"; };
		7AD809522594FE1600DABE49 /* VSideBarType.swift */ = {isa = PBXFileReference; lastKnownFileType = sourcecode.swift; path = VSideBarType.swift; sourceTree = "<group>"; };
		7AD809562594FF2F00DABE49 /* VSideBarStandard.swift */ = {isa = PBXFileReference; lastKnownFileType = sourcecode.swift; path = VSideBarStandard.swift; sourceTree = "<group>"; };
		7AD809592594FF3D00DABE49 /* VSideBarModelStandard.swift */ = {isa = PBXFileReference; lastKnownFileType = sourcecode.swift; path = VSideBarModelStandard.swift; sourceTree = "<group>"; };
		7AD809602595073C00DABE49 /* VSideBarDemoView.swift */ = {isa = PBXFileReference; lastKnownFileType = sourcecode.swift; path = VSideBarDemoView.swift; sourceTree = "<group>"; };
		7AE32A462593B89300DFD0C3 /* VChevronButtonType.swift */ = {isa = PBXFileReference; lastKnownFileType = sourcecode.swift; path = VChevronButtonType.swift; sourceTree = "<group>"; };
		7AE32A4B2593B90400DFD0C3 /* VChevronButtonFilled.swift */ = {isa = PBXFileReference; lastKnownFileType = sourcecode.swift; path = VChevronButtonFilled.swift; sourceTree = "<group>"; };
		7AE32A712593BD3400DFD0C3 /* VChevronButtonModelPlain.swift */ = {isa = PBXFileReference; lastKnownFileType = sourcecode.swift; path = VChevronButtonModelPlain.swift; sourceTree = "<group>"; };
		7AE32A752593BD7900DFD0C3 /* VChevronButtonPlain.swift */ = {isa = PBXFileReference; lastKnownFileType = sourcecode.swift; path = VChevronButtonPlain.swift; sourceTree = "<group>"; };
		7AE6078225926994009CDB28 /* HomeRowView.swift */ = {isa = PBXFileReference; lastKnownFileType = sourcecode.swift; path = HomeRowView.swift; sourceTree = "<group>"; };
/* End PBXFileReference section */

/* Begin PBXFrameworksBuildPhase section */
		7A8A96E2258DDA9200309886 /* Frameworks */ = {
			isa = PBXFrameworksBuildPhase;
			buildActionMask = 2147483647;
			files = (
			);
			runOnlyForDeploymentPostprocessing = 0;
		};
		7A8A96F6258DDC7800309886 /* Frameworks */ = {
			isa = PBXFrameworksBuildPhase;
			buildActionMask = 2147483647;
			files = (
				7A4C42862591FB5B000207DD /* VComponents.framework in Frameworks */,
			);
			runOnlyForDeploymentPostprocessing = 0;
		};
/* End PBXFrameworksBuildPhase section */

/* Begin PBXGroup section */
		7A08F846259725CD0049FB10 /* VTabNavigationView */ = {
			isa = PBXGroup;
			children = (
				7A08F84A25972E8E0049FB10 /* Common */,
				7A08F84C25972E930049FB10 /* Standard */,
			);
			path = VTabNavigationView;
			sourceTree = "<group>";
		};
		7A08F84A25972E8E0049FB10 /* Common */ = {
			isa = PBXGroup;
			children = (
				7A08F857259731350049FB10 /* VTabNavigationView.swift */,
				7A08F84725972DBC0049FB10 /* VTabNavigationViewType.swift */,
				7A08F850259730B50049FB10 /* VTabNavigationViewPage.swift */,
			);
			path = Common;
			sourceTree = "<group>";
		};
		7A08F84C25972E930049FB10 /* Standard */ = {
			isa = PBXGroup;
			children = (
				7A08F85E259732730049FB10 /* VTabNavigationViewStandard.swift */,
				7A08F84D25972EB40049FB10 /* VTabNavigationViewModelStandard.swift */,
				7A08F85B259731E60049FB10 /* VTabNavigationViewAppearanceStandard.swift */,
			);
			path = Standard;
			sourceTree = "<group>";
		};
		7A259B632597827800A12F8C /* VAlert */ = {
			isa = PBXGroup;
			children = (
				7A259B7525979FA900A12F8C /* Common */,
				7A259B7625979FB200A12F8C /* Standard */,
			);
			path = VAlert;
			sourceTree = "<group>";
		};
		7A259B7525979FA900A12F8C /* Common */ = {
			isa = PBXGroup;
			children = (
				7A259B642597828700A12F8C /* VAlertExtension.swift */,
				7A259B832597B2C600A12F8C /* VAlert.swift */,
				7A259B7225979F9300A12F8C /* VAlertPresenter.swift */,
				7A259B672597834100A12F8C /* VAlertType.swift */,
				7A259B6A259783A100A12F8C /* VAlertDialogType.swift */,
				7A259B6D259784CF00A12F8C /* VAlertDialogButton.swift */,
			);
			path = Common;
			sourceTree = "<group>";
		};
		7A259B7625979FB200A12F8C /* Standard */ = {
			isa = PBXGroup;
			children = (
				7A259B7725979FC000A12F8C /* VAlertModelStandard.swift */,
			);
			path = Standard;
			sourceTree = "<group>";
		};
		7A2D6F33259751A4005513A7 /* Modals */ = {
			isa = PBXGroup;
			children = (
				7AD809602595073C00DABE49 /* VSideBarDemoView.swift */,
			);
			path = Modals;
			sourceTree = "<group>";
		};
		7A2D6F34259751B0005513A7 /* Modals */ = {
			isa = PBXGroup;
			children = (
				7AD809402594FCD900DABE49 /* VSideBar */,
				7A259B632597827800A12F8C /* VAlert */,
			);
			path = Modals;
			sourceTree = "<group>";
		};
		7A3C1541258DE65700CE1D96 /* Extensions */ = {
			isa = PBXGroup;
			children = (
				7A3C1542258DE65F00CE1D96 /* ViewExtensions.swift */,
				7A4C4343259242B7000207DD /* SceneDelegateExtensions.swift */,
			);
			path = Extensions;
			sourceTree = "<group>";
		};
		7A4C42532591EFBE000207DD /* VInteractiveView */ = {
			isa = PBXGroup;
			children = (
				7AA9F3E325909E230060F210 /* VInteractiveView.swift */,
			);
			path = VInteractiveView;
			sourceTree = "<group>";
		};
		7A4C42F1259228CF000207DD /* VNavigationView */ = {
			isa = PBXGroup;
			children = (
				7A6218042594878E00515688 /* Common */,
				7A6218072594880B00515688 /* Filled */,
				7A6218092594881000515688 /* Transparent */,
			);
			path = VNavigationView;
			sourceTree = "<group>";
		};
		7A4C42F2259228D6000207DD /* VBaseView */ = {
			isa = PBXGroup;
			children = (
				7A62181425948AAF00515688 /* Common */,
				7A62181E25948D9A00515688 /* Center */,
				7A62181925948C0C00515688 /* Leading */,
			);
			path = VBaseView;
			sourceTree = "<group>";
		};
		7A4D0C1325949FDE00108575 /* Subviews */ = {
			isa = PBXGroup;
			children = (
				7A4D0C1425949FF700108575 /* HomeSectionView.swift */,
				7AE6078225926994009CDB28 /* HomeRowView.swift */,
			);
			path = Subviews;
			sourceTree = "<group>";
		};
		7A4D0C212594B23800108575 /* Bordered */ = {
			isa = PBXGroup;
			children = (
				7A4D0C282594B8BB00108575 /* VPrimaryButtonBordered.swift */,
				7A259BBD2598FC7C00A12F8C /* VPrimaryButtonModelBordered.swift */,
			);
			path = Bordered;
			sourceTree = "<group>";
		};
		7A4D0C2C2594C05B00108575 /* VSecondaryButton */ = {
			isa = PBXGroup;
			children = (
				7A4D0C312594C09500108575 /* Common */,
				7A4D0C392594C0FD00108575 /* Filled */,
				7A4D0C422594C6F700108575 /* Bordered */,
			);
			path = VSecondaryButton;
			sourceTree = "<group>";
		};
		7A4D0C312594C09500108575 /* Common */ = {
			isa = PBXGroup;
			children = (
				7A4D0C2D2594C06A00108575 /* VSecondaryButton.swift */,
				7A4D0C332594C0A300108575 /* VSecondaryButtonType.swift */,
				7A4D0C362594C0CE00108575 /* VSecondaryButtonState.swift */,
			);
			path = Common;
			sourceTree = "<group>";
		};
		7A4D0C392594C0FD00108575 /* Filled */ = {
			isa = PBXGroup;
			children = (
				7A4D0C3E2594C28A00108575 /* VSecondaryButtonFilled.swift */,
				7A4D0C3A2594C11100108575 /* VSecondaryButtonModelFilled.swift */,
			);
			path = Filled;
			sourceTree = "<group>";
		};
		7A4D0C422594C6F700108575 /* Bordered */ = {
			isa = PBXGroup;
			children = (
				7A4D0C472594C84500108575 /* VSecondaryButtonBordered.swift */,
				7A4D0C432594C71D00108575 /* VSecondaryButtonModelBordered.swift */,
			);
			path = Bordered;
			sourceTree = "<group>";
		};
		7A4D0C542594D2D900108575 /* Bordered */ = {
			isa = PBXGroup;
			children = (
				7A4D0C592594D34200108575 /* VSquareButtonBordered.swift */,
				7A4D0C552594D30A00108575 /* VSquareButtonModelBordered.swift */,
			);
			path = Bordered;
			sourceTree = "<group>";
		};
		7A599585259249AC0087902B /* VChevronButton */ = {
			isa = PBXGroup;
			children = (
				7AE32A422593B87600DFD0C3 /* Common */,
				7AE32A442593B87C00DFD0C3 /* Filled */,
				7AE32A702593BD2700DFD0C3 /* Plain */,
			);
			path = VChevronButton;
			sourceTree = "<group>";
		};
		7A59958C25924F360087902B /* VSheet */ = {
			isa = PBXGroup;
			children = (
				7ABEAA642593471F00A90B56 /* Common */,
				7ABEAA672593473200A90B56 /* Pre-Set */,
				7ABEAA662593472800A90B56 /* Custom */,
			);
			path = VSheet;
			sourceTree = "<group>";
		};
		7A6217E52593D8C900515688 /* Core */ = {
			isa = PBXGroup;
			children = (
				7A4C42532591EFBE000207DD /* VInteractiveView */,
				7A4C42F2259228D6000207DD /* VBaseView */,
			);
			path = Core;
			sourceTree = "<group>";
		};
		7A6217E72593D8D900515688 /* Core */ = {
			isa = PBXGroup;
			children = (
				7ABEAA6D2593493900A90B56 /* VInteractiveViewDemoView.swift */,
				7ABEAA75259357A200A90B56 /* VBaseViewDemoView.swift */,
			);
			path = Core;
			sourceTree = "<group>";
		};
		7A6218042594878E00515688 /* Common */ = {
			isa = PBXGroup;
			children = (
				7A4C42F3259228E8000207DD /* VNavigationView.swift */,
				7A6218012594878900515688 /* VNavigationViewType.swift */,
				7A4C4319259237CA000207DD /* VNavigationViewNavigationBar.swift */,
				7A860D45259312B100B19A53 /* SettingRootView.swift */,
			);
			path = Common;
			sourceTree = "<group>";
		};
		7A6218072594880B00515688 /* Filled */ = {
			isa = PBXGroup;
			children = (
				7A4C4316259237BB000207DD /* VNavigationViewModelFilled.swift */,
				7A59957D2592442A0087902B /* VNavigationViewAppearanceFilled.swift */,
			);
			path = Filled;
			sourceTree = "<group>";
		};
		7A6218092594881000515688 /* Transparent */ = {
			isa = PBXGroup;
			children = (
				7A6218102594892500515688 /* VNavigationViewTransparentAppearance.swift */,
				7A62180B259488D700515688 /* VNavigationViewTransparentModel.swift */,
			);
			path = Transparent;
			sourceTree = "<group>";
		};
		7A62181425948AAF00515688 /* Common */ = {
			isa = PBXGroup;
			children = (
				7A4C42F725922914000207DD /* VBaseView.swift */,
				7A62181625948BBC00515688 /* VBaseViewType.swift */,
				7A4C4303259229B2000207DD /* VBaseViewSwipeGesture.swift */,
			);
			path = Common;
			sourceTree = "<group>";
		};
		7A62181925948C0C00515688 /* Leading */ = {
			isa = PBXGroup;
			children = (
				7A4C431225923778000207DD /* VBaseViewModelLeading.swift */,
				7A4C43002592297F000207DD /* VBaseViewNavigationBarLeading.swift */,
			);
			path = Leading;
			sourceTree = "<group>";
		};
		7A62181E25948D9A00515688 /* Center */ = {
			isa = PBXGroup;
			children = (
				7A62181F25948DAB00515688 /* VBaseViewModelCenter.swift */,
				7A62182325948DE800515688 /* VBaseViewNavigationBarCenter.swift */,
			);
			path = Center;
			sourceTree = "<group>";
		};
		7A621826259492F200515688 /* Common */ = {
			isa = PBXGroup;
			children = (
				7A3C1583258DFF5A00CE1D96 /* VLazyList.swift */,
				7A6218282594938C00515688 /* VLazyListType.swift */,
			);
			path = Common;
			sourceTree = "<group>";
		};
		7A62182B259493CE00515688 /* Vertical */ = {
			isa = PBXGroup;
			children = (
				7A621833259494CB00515688 /* VLazyListVertical.swift */,
				7A3C159A258E0A3D00CE1D96 /* VLazyListModelVertical.swift */,
			);
			path = Vertical;
			sourceTree = "<group>";
		};
		7A62182E2594942C00515688 /* Horizontal */ = {
			isa = PBXGroup;
			children = (
				7A6218372594956400515688 /* VLazyListHorizontal.swift */,
				7A62182F2594943F00515688 /* VLazyListModelHorizontal.swift */,
			);
			path = Horizontal;
			sourceTree = "<group>";
		};
		7A6689532593AE9F00A46F08 /* Common */ = {
			isa = PBXGroup;
			children = (
				7A00731A258E27490003F0E9 /* VPlainButton.swift */,
				7A66894F2593AE0200A46F08 /* VPlainButtonType.swift */,
				7A00731E258E278F0003F0E9 /* VPlainButtonState.swift */,
			);
			path = Common;
			sourceTree = "<group>";
		};
		7A6689552593AEA500A46F08 /* Standard */ = {
			isa = PBXGroup;
			children = (
				7A66895C2593AEF800A46F08 /* VPlainButtonStandard.swift */,
				7A007322258E27C40003F0E9 /* VPlainButtonModelStandard.swift */,
			);
			path = Standard;
			sourceTree = "<group>";
		};
		7A6689602593AFE000A46F08 /* Common */ = {
			isa = PBXGroup;
			children = (
				7A48FDC4258DE48E00AA4D4D /* VSquareButton.swift */,
				7A6689622593B05B00A46F08 /* VSquareButtonType.swift */,
				7A48FDC6258DE48E00AA4D4D /* VSquareButtonState.swift */,
			);
			path = Common;
			sourceTree = "<group>";
		};
		7A6689652593B09600A46F08 /* Filled */ = {
			isa = PBXGroup;
			children = (
				7A6689682593B0AC00A46F08 /* VSquareButtonStandard.swift */,
				7A48FDC5258DE48E00AA4D4D /* VSquareButtonStandardModel.swift */,
			);
			path = Filled;
			sourceTree = "<group>";
		};
		7A8A73782590BEB5001024FB /* VToggle */ = {
			isa = PBXGroup;
			children = (
				7A8A737D2590BED4001024FB /* Common */,
				7A8A737E2590BEDF001024FB /* Standard */,
				7A8A737F2590BEE8001024FB /* Setting */,
				7A8A73902590C326001024FB /* Subviews */,
			);
			path = VToggle;
			sourceTree = "<group>";
		};
		7A8A737D2590BED4001024FB /* Common */ = {
			isa = PBXGroup;
			children = (
				7A00736A258E47280003F0E9 /* VToggle.swift */,
				7AA499B7258F72C1002BD362 /* VToggleType.swift */,
				7A007374258E75DF0003F0E9 /* VToggleState.swift */,
			);
			path = Common;
			sourceTree = "<group>";
		};
		7A8A737E2590BEDF001024FB /* Standard */ = {
			isa = PBXGroup;
			children = (
				7A8A73822590BFE1001024FB /* VToggleStandard.swift */,
				7A8A73862590BFFA001024FB /* VToggleModelStandard.swift */,
			);
			path = Standard;
			sourceTree = "<group>";
		};
		7A8A737F2590BEE8001024FB /* Setting */ = {
			isa = PBXGroup;
			children = (
				7A8A73992590C72B001024FB /* VToggleSetting.swift */,
				7A8A73952590C6DF001024FB /* VToggleModelSetting.swift */,
			);
			path = Setting;
			sourceTree = "<group>";
		};
		7A8A73902590C326001024FB /* Subviews */ = {
			isa = PBXGroup;
			children = (
				7A8A73912590C343001024FB /* VToggleToggleView.swift */,
				7A8A739F2590CCAE001024FB /* VToggleSpacerView.swift */,
				7A8A73A32590CDCE001024FB /* VToggleContentView.swift */,
			);
			path = Subviews;
			sourceTree = "<group>";
		};
		7A8A7428259100B4001024FB /* VSlider */ = {
			isa = PBXGroup;
			children = (
				7A8A7429259100D5001024FB /* Common */,
				7A8A744B25910E33001024FB /* Standard */,
				7ABEAA5C2593463600A90B56 /* Plain */,
				7A8A7446259109EF001024FB /* Subviews */,
			);
			path = VSlider;
			sourceTree = "<group>";
		};
		7A8A7429259100D5001024FB /* Common */ = {
			isa = PBXGroup;
			children = (
				7A3C1564258DECF400CE1D96 /* VSlider.swift */,
				7AA499C9258F82D2002BD362 /* VSliderType.swift */,
				7A00733E258E2F000003F0E9 /* VSliderState.swift */,
			);
			path = Common;
			sourceTree = "<group>";
		};
		7A8A7446259109EF001024FB /* Subviews */ = {
			isa = PBXGroup;
			children = (
				7A8A7447259109FD001024FB /* VSliderFrameView.swift */,
			);
			path = Subviews;
			sourceTree = "<group>";
		};
		7A8A744B25910E33001024FB /* Standard */ = {
			isa = PBXGroup;
			children = (
				7A8A745025910F89001024FB /* VSliderStandard.swift */,
				7A8A744C25910E46001024FB /* VSliderModelStandard.swift */,
			);
			path = Standard;
			sourceTree = "<group>";
		};
		7A8A7462259118B3001024FB /* VSpinner */ = {
			isa = PBXGroup;
			children = (
				7A8A7465259118CC001024FB /* Common */,
				7A8A7464259118C7001024FB /* Continous */,
				7A8A7463259118C2001024FB /* Dashed */,
			);
			path = VSpinner;
			sourceTree = "<group>";
		};
		7A8A7463259118C2001024FB /* Dashed */ = {
			isa = PBXGroup;
			children = (
				7AC5060625911A4000226656 /* VSpinnerDashed.swift */,
				7AC5060025911A0800226656 /* VSpinnerModelDashed.swift */,
			);
			path = Dashed;
			sourceTree = "<group>";
		};
		7A8A7464259118C7001024FB /* Continous */ = {
			isa = PBXGroup;
			children = (
				7A3C1554258DE7B900CE1D96 /* VSpinnerContinous.swift */,
				7A8A7466259118DF001024FB /* VSpinnerModelContinous.swift */,
			);
			path = Continous;
			sourceTree = "<group>";
		};
		7A8A7465259118CC001024FB /* Common */ = {
			isa = PBXGroup;
			children = (
				7A3C1552258DE7B900CE1D96 /* VSpinner.swift */,
				7A3C1551258DE7B900CE1D96 /* VSpinnerType.swift */,
			);
			path = Common;
			sourceTree = "<group>";
		};
		7A8A96DB258DDA9200309886 = {
			isa = PBXGroup;
			children = (
				7A8A96E7258DDA9200309886 /* VComponents */,
				7A8A96FA258DDC7800309886 /* VComponentsDemo */,
				7A8A96E6258DDA9200309886 /* Products */,
			);
			sourceTree = "<group>";
		};
		7A8A96E6258DDA9200309886 /* Products */ = {
			isa = PBXGroup;
			children = (
				7A8A96E5258DDA9200309886 /* VComponents.framework */,
				7A8A96F9258DDC7800309886 /* VComponentsDemo.app */,
			);
			name = Products;
			sourceTree = "<group>";
		};
		7A8A96E7258DDA9200309886 /* VComponents */ = {
			isa = PBXGroup;
			children = (
				7A8A96F1258DDA9E00309886 /* Framework Info */,
				7ABEAA472593403000A90B56 /* Components */,
				7AA9F42F2590B18D0060F210 /* Extensions */,
				7AA9F4342590B1C00060F210 /* Resources */,
			);
			path = VComponents;
			sourceTree = "<group>";
		};
		7A8A96F1258DDA9E00309886 /* Framework Info */ = {
			isa = PBXGroup;
			children = (
				7A8A96E9258DDA9200309886 /* Info.plist */,
				7A8A96E8258DDA9200309886 /* VComponents.h */,
			);
			name = "Framework Info";
			sourceTree = "<group>";
		};
		7A8A96FA258DDC7800309886 /* VComponentsDemo */ = {
			isa = PBXGroup;
			children = (
				7A8A9717258DDCC700309886 /* App Info */,
				7AA9F43A2590B1F50060F210 /* App Control */,
				7A8A9718258DDCD300309886 /* Views */,
				7A3C1541258DE65700CE1D96 /* Extensions */,
				7A8A9716258DDCBF00309886 /* Resources */,
				7A8A9703258DDC7A00309886 /* Preview Content */,
			);
			path = VComponentsDemo;
			sourceTree = "<group>";
		};
		7A8A9703258DDC7A00309886 /* Preview Content */ = {
			isa = PBXGroup;
			children = (
				7A8A9704258DDC7A00309886 /* Preview Assets.xcassets */,
			);
			path = "Preview Content";
			sourceTree = "<group>";
		};
		7A8A9716258DDCBF00309886 /* Resources */ = {
			isa = PBXGroup;
			children = (
				7A8A9701258DDC7A00309886 /* Assets.xcassets */,
			);
			path = Resources;
			sourceTree = "<group>";
		};
		7A8A9717258DDCC700309886 /* App Info */ = {
			isa = PBXGroup;
			children = (
				7A8A9709258DDC7A00309886 /* Info.plist */,
			);
			name = "App Info";
			sourceTree = "<group>";
		};
		7A8A9718258DDCD300309886 /* Views */ = {
			isa = PBXGroup;
			children = (
				7A8A9733258DDED200309886 /* Launscreen */,
				7A8A9734258DDED800309886 /* Home */,
				7ABEAA4A259341DC00A90B56 /* Demos */,
				7A4D0C1325949FDE00108575 /* Subviews */,
			);
			path = Views;
			sourceTree = "<group>";
		};
		7A8A9733258DDED200309886 /* Launscreen */ = {
			isa = PBXGroup;
			children = (
				7A8A9706258DDC7A00309886 /* LaunchScreen.storyboard */,
			);
			path = Launscreen;
			sourceTree = "<group>";
		};
		7A8A9734258DDED800309886 /* Home */ = {
			isa = PBXGroup;
			children = (
				7A8A96FF258DDC7800309886 /* HomeView.swift */,
			);
			path = Home;
			sourceTree = "<group>";
		};
		7A8A9737258DDEDF00309886 /* Components */ = {
			isa = PBXGroup;
			children = (
				7A8A9738258DDEEE00309886 /* VPrimaryButtonDemoView.swift */,
				7A4D0C4B2594C91400108575 /* VSecondaryButtonDemoView.swift */,
				7A48FDDD258DE58800AA4D4D /* VCircularButtonDemoView.swift */,
				7A00732E258E2B7D0003F0E9 /* VPlainButtonDemoView.swift */,
				7ABEA9DB259326EA00A90B56 /* VChevronButtonDemoView.swift */,
				7A00737E258E7C7A0003F0E9 /* VToggleDemoView.swift */,
				7A3C157E258DFCAA00CE1D96 /* VSliderDemoView.swift */,
				7A3C155F258DE7F400CE1D96 /* VSpinnerDemoView.swift */,
			);
			path = Components;
			sourceTree = "<group>";
		};
		7A8A9742258DDF3000309886 /* Subviews */ = {
			isa = PBXGroup;
			children = (
				7A8A9743258DDF4200309886 /* DemoRowView.swift */,
				7A3C154C258DE69900CE1D96 /* ToggleSettingView.swift */,
			);
			path = Subviews;
			sourceTree = "<group>";
		};
		7AA9F41E2590B08C0060F210 /* Components */ = {
			isa = PBXGroup;
			children = (
				7AA9F41F2590B09D0060F210 /* VPrimaryButton */,
				7A4D0C2C2594C05B00108575 /* VSecondaryButton */,
				7AF4C8CF2590BA3A00275C76 /* VSquareButton */,
				7AA9F4452590B34A0060F210 /* VPlainButton */,
				7A599585259249AC0087902B /* VChevronButton */,
				7A8A73782590BEB5001024FB /* VToggle */,
				7A8A7428259100B4001024FB /* VSlider */,
				7A8A7462259118B3001024FB /* VSpinner */,
			);
			path = Components;
			sourceTree = "<group>";
		};
		7AA9F41F2590B09D0060F210 /* VPrimaryButton */ = {
			isa = PBXGroup;
			children = (
				7AA9F4232590B0C70060F210 /* Common */,
				7AA9F4212590B0B20060F210 /* Filled */,
				7A4D0C212594B23800108575 /* Bordered */,
				7AA9F4202590B0AD0060F210 /* Subviews */,
			);
			path = VPrimaryButton;
			sourceTree = "<group>";
		};
		7AA9F4202590B0AD0060F210 /* Subviews */ = {
			isa = PBXGroup;
			children = (
				7AA9F3F82590A9270060F210 /* VPrimaryButtonLoaderCompensatorView.swift */,
				7AA9F4002590AA8A0060F210 /* VGenericButtonContentView.swift */,
				7AA9F3FC2590A9BC0060F210 /* VPrimaryButtonLoaderView.swift */,
			);
			path = Subviews;
			sourceTree = "<group>";
		};
		7AA9F4212590B0B20060F210 /* Filled */ = {
			isa = PBXGroup;
			children = (
				7AA9F4252590B1040060F210 /* VPrimaryButtonFilled.swift */,
				7A259BC02598FC8900A12F8C /* VPrimaryButtonModelFilled.swift */,
			);
			path = Filled;
			sourceTree = "<group>";
		};
		7AA9F4232590B0C70060F210 /* Common */ = {
			isa = PBXGroup;
			children = (
				7A8A9724258DDDA800309886 /* VPrimaryButton.swift */,
				7A8A9725258DDDA800309886 /* VPrimaryButtonType.swift */,
				7A8A9727258DDDA800309886 /* VPrimaryButtonState.swift */,
			);
			path = Common;
			sourceTree = "<group>";
		};
		7AA9F42F2590B18D0060F210 /* Extensions */ = {
			isa = PBXGroup;
			children = (
				7A8A971E258DDD8400309886 /* ViewExtensions.swift */,
			);
			path = Extensions;
			sourceTree = "<group>";
		};
		7AA9F4342590B1C00060F210 /* Resources */ = {
			isa = PBXGroup;
			children = (
				7A4C423F259132F5000207DD /* Assets.xcassets */,
				7A007357258E38E90003F0E9 /* ColorBook.swift */,
				7A007351258E38E40003F0E9 /* FontBook.swift */,
			);
			path = Resources;
			sourceTree = "<group>";
		};
		7AA9F43A2590B1F50060F210 /* App Control */ = {
			isa = PBXGroup;
			children = (
				7A8A96FB258DDC7800309886 /* AppDelegate.swift */,
				7A8A96FD258DDC7800309886 /* SceneDelegate.swift */,
			);
			path = "App Control";
			sourceTree = "<group>";
		};
		7AA9F4452590B34A0060F210 /* VPlainButton */ = {
			isa = PBXGroup;
			children = (
				7A6689532593AE9F00A46F08 /* Common */,
				7A6689552593AEA500A46F08 /* Standard */,
			);
			path = VPlainButton;
			sourceTree = "<group>";
		};
		7ABEA9DF25932A6700A90B56 /* Navigation */ = {
			isa = PBXGroup;
			children = (
				7A2D6F2F259734CB005513A7 /* VTabNavigationViewDemoView.swift */,
				7ABEAA7225934E5100A90B56 /* VNavigationViewDemoView.swift */,
			);
			path = Navigation;
			sourceTree = "<group>";
		};
		7ABEAA452593400200A90B56 /* Navigation */ = {
			isa = PBXGroup;
			children = (
				7A08F846259725CD0049FB10 /* VTabNavigationView */,
				7A4C42F1259228CF000207DD /* VNavigationView */,
			);
			path = Navigation;
			sourceTree = "<group>";
		};
		7ABEAA472593403000A90B56 /* Components */ = {
			isa = PBXGroup;
			children = (
				7AA9F41E2590B08C0060F210 /* Components */,
				7AC5060C25911B5900226656 /* Containers */,
				7ABEAA492593403900A90B56 /* Pseudo-Containers */,
				7ABEAA452593400200A90B56 /* Navigation */,
				7A2D6F34259751B0005513A7 /* Modals */,
				7A6217E52593D8C900515688 /* Core */,
			);
			path = Components;
			sourceTree = "<group>";
		};
		7ABEAA492593403900A90B56 /* Pseudo-Containers */ = {
			isa = PBXGroup;
			children = (
				7AC5060D25911B6000226656 /* VLazyList */,
			);
			path = "Pseudo-Containers";
			sourceTree = "<group>";
		};
		7ABEAA4A259341DC00A90B56 /* Demos */ = {
			isa = PBXGroup;
			children = (
				7A599580259245660087902B /* BaseDemoView.swift */,
				7A8A9737258DDEDF00309886 /* Components */,
				7ABEAA4C2593421500A90B56 /* Containers */,
				7ABEAA4D2593421C00A90B56 /* Pseudo-Containers */,
				7ABEA9DF25932A6700A90B56 /* Navigation */,
				7A2D6F33259751A4005513A7 /* Modals */,
				7A6217E72593D8D900515688 /* Core */,
				7A8A9742258DDF3000309886 /* Subviews */,
			);
			path = Demos;
			sourceTree = "<group>";
		};
		7ABEAA4C2593421500A90B56 /* Containers */ = {
			isa = PBXGroup;
			children = (
				7ABEAA4E2593423400A90B56 /* VSheetDemoView.swift */,
			);
			path = Containers;
			sourceTree = "<group>";
		};
		7ABEAA4D2593421C00A90B56 /* Pseudo-Containers */ = {
			isa = PBXGroup;
			children = (
				7ABEAADB2593969E00A90B56 /* VLazyListDemoView.swift */,
			);
			path = "Pseudo-Containers";
			sourceTree = "<group>";
		};
		7ABEAA5C2593463600A90B56 /* Plain */ = {
			isa = PBXGroup;
			children = (
				7ABEAA5E2593465000A90B56 /* VSliderPlain.swift */,
				7ABEAA612593466600A90B56 /* VSliderModelPlain.swift */,
			);
			path = Plain;
			sourceTree = "<group>";
		};
		7ABEAA642593471F00A90B56 /* Common */ = {
			isa = PBXGroup;
			children = (
				7A59958D25924F420087902B /* VSheet.swift */,
				7A59959025924F6C0087902B /* VSheetType.swift */,
			);
			path = Common;
			sourceTree = "<group>";
		};
		7ABEAA662593472800A90B56 /* Custom */ = {
			isa = PBXGroup;
			children = (
				7ABEAA692593474C00A90B56 /* VSheetModelRoundCustom.swift */,
			);
			path = Custom;
			sourceTree = "<group>";
		};
		7ABEAA672593473200A90B56 /* Pre-Set */ = {
			isa = PBXGroup;
			children = (
				7A59959325924FD00087902B /* VSheetModel.swift */,
			);
			path = "Pre-Set";
			sourceTree = "<group>";
		};
		7AC5060C25911B5900226656 /* Containers */ = {
			isa = PBXGroup;
			children = (
				7A59958C25924F360087902B /* VSheet */,
			);
			path = Containers;
			sourceTree = "<group>";
		};
		7AC5060D25911B6000226656 /* VLazyList */ = {
			isa = PBXGroup;
			children = (
				7A621826259492F200515688 /* Common */,
				7A62182B259493CE00515688 /* Vertical */,
				7A62182E2594942C00515688 /* Horizontal */,
			);
			path = VLazyList;
			sourceTree = "<group>";
		};
		7AD809402594FCD900DABE49 /* VSideBar */ = {
			isa = PBXGroup;
			children = (
				7AD809412594FCE700DABE49 /* Common */,
				7AD809552594FF1700DABE49 /* Standard */,
			);
			path = VSideBar;
			sourceTree = "<group>";
		};
		7AD809412594FCE700DABE49 /* Common */ = {
			isa = PBXGroup;
			children = (
				7AD809462594FD9100DABE49 /* VSideBarExtension.swift */,
				7AD809422594FCF000DABE49 /* VSideBar.swift */,
				7AD809522594FE1600DABE49 /* VSideBarType.swift */,
				7AD8094F2594FDF900DABE49 /* VSideBarSwipeGesture.swift */,
			);
			path = Common;
			sourceTree = "<group>";
		};
		7AD809552594FF1700DABE49 /* Standard */ = {
			isa = PBXGroup;
			children = (
				7AD809562594FF2F00DABE49 /* VSideBarStandard.swift */,
				7AD809592594FF3D00DABE49 /* VSideBarModelStandard.swift */,
			);
			path = Standard;
			sourceTree = "<group>";
		};
		7AE32A422593B87600DFD0C3 /* Common */ = {
			isa = PBXGroup;
			children = (
				7A599586259249BB0087902B /* VChevronButton.swift */,
				7AE32A462593B89300DFD0C3 /* VChevronButtonType.swift */,
				7A860D4B259315C900B19A53 /* VChevronButtonDirection.swift */,
				7A860D5125931B3C00B19A53 /* VChevronButtonState.swift */,
			);
			path = Common;
			sourceTree = "<group>";
		};
		7AE32A442593B87C00DFD0C3 /* Filled */ = {
			isa = PBXGroup;
			children = (
				7AE32A4B2593B90400DFD0C3 /* VChevronButtonFilled.swift */,
				7A860D4E2593169600B19A53 /* VChevronButtonModelFilled.swift */,
			);
			path = Filled;
			sourceTree = "<group>";
		};
		7AE32A702593BD2700DFD0C3 /* Plain */ = {
			isa = PBXGroup;
			children = (
				7AE32A752593BD7900DFD0C3 /* VChevronButtonPlain.swift */,
				7AE32A712593BD3400DFD0C3 /* VChevronButtonModelPlain.swift */,
			);
			path = Plain;
			sourceTree = "<group>";
		};
		7AF4C8CF2590BA3A00275C76 /* VSquareButton */ = {
			isa = PBXGroup;
			children = (
				7A6689602593AFE000A46F08 /* Common */,
				7A6689652593B09600A46F08 /* Filled */,
				7A4D0C542594D2D900108575 /* Bordered */,
			);
			path = VSquareButton;
			sourceTree = "<group>";
		};
/* End PBXGroup section */

/* Begin PBXHeadersBuildPhase section */
		7A8A96E0258DDA9200309886 /* Headers */ = {
			isa = PBXHeadersBuildPhase;
			buildActionMask = 2147483647;
			files = (
				7A8A96EA258DDA9200309886 /* VComponents.h in Headers */,
			);
			runOnlyForDeploymentPostprocessing = 0;
		};
/* End PBXHeadersBuildPhase section */

/* Begin PBXNativeTarget section */
		7A8A96E4258DDA9200309886 /* VComponents */ = {
			isa = PBXNativeTarget;
			buildConfigurationList = 7A8A96ED258DDA9200309886 /* Build configuration list for PBXNativeTarget "VComponents" */;
			buildPhases = (
				7A8A96E0258DDA9200309886 /* Headers */,
				7A8A96E1258DDA9200309886 /* Sources */,
				7A8A96E2258DDA9200309886 /* Frameworks */,
				7A8A96E3258DDA9200309886 /* Resources */,
			);
			buildRules = (
			);
			dependencies = (
			);
			name = VComponents;
			productName = VComponents;
			productReference = 7A8A96E5258DDA9200309886 /* VComponents.framework */;
			productType = "com.apple.product-type.framework";
		};
		7A8A96F8258DDC7800309886 /* VComponentsDemo */ = {
			isa = PBXNativeTarget;
			buildConfigurationList = 7A8A970C258DDC7A00309886 /* Build configuration list for PBXNativeTarget "VComponentsDemo" */;
			buildPhases = (
				7A8A96F5258DDC7800309886 /* Sources */,
				7A8A96F6258DDC7800309886 /* Frameworks */,
				7A8A96F7258DDC7800309886 /* Resources */,
				7A4C428A2591FB5B000207DD /* Embed Frameworks */,
			);
			buildRules = (
			);
			dependencies = (
				7A4C42892591FB5B000207DD /* PBXTargetDependency */,
			);
			name = VComponentsDemo;
			productName = Demo;
			productReference = 7A8A96F9258DDC7800309886 /* VComponentsDemo.app */;
			productType = "com.apple.product-type.application";
		};
/* End PBXNativeTarget section */

/* Begin PBXProject section */
		7A8A96DC258DDA9200309886 /* Project object */ = {
			isa = PBXProject;
			attributes = {
				LastSwiftUpdateCheck = 1230;
				LastUpgradeCheck = 1230;
				TargetAttributes = {
					7A8A96E4258DDA9200309886 = {
						CreatedOnToolsVersion = 12.3;
						LastSwiftMigration = 1230;
					};
					7A8A96F8258DDC7800309886 = {
						CreatedOnToolsVersion = 12.3;
					};
				};
			};
			buildConfigurationList = 7A8A96DF258DDA9200309886 /* Build configuration list for PBXProject "VComponents" */;
			compatibilityVersion = "Xcode 9.3";
			developmentRegion = en;
			hasScannedForEncodings = 0;
			knownRegions = (
				en,
				Base,
			);
			mainGroup = 7A8A96DB258DDA9200309886;
			productRefGroup = 7A8A96E6258DDA9200309886 /* Products */;
			projectDirPath = "";
			projectRoot = "";
			targets = (
				7A8A96E4258DDA9200309886 /* VComponents */,
				7A8A96F8258DDC7800309886 /* VComponentsDemo */,
			);
		};
/* End PBXProject section */

/* Begin PBXResourcesBuildPhase section */
		7A8A96E3258DDA9200309886 /* Resources */ = {
			isa = PBXResourcesBuildPhase;
			buildActionMask = 2147483647;
			files = (
				7A4C4240259132F5000207DD /* Assets.xcassets in Resources */,
			);
			runOnlyForDeploymentPostprocessing = 0;
		};
		7A8A96F7258DDC7800309886 /* Resources */ = {
			isa = PBXResourcesBuildPhase;
			buildActionMask = 2147483647;
			files = (
				7A8A9708258DDC7A00309886 /* LaunchScreen.storyboard in Resources */,
				7A8A9705258DDC7A00309886 /* Preview Assets.xcassets in Resources */,
				7A8A9702258DDC7A00309886 /* Assets.xcassets in Resources */,
			);
			runOnlyForDeploymentPostprocessing = 0;
		};
/* End PBXResourcesBuildPhase section */

/* Begin PBXSourcesBuildPhase section */
		7A8A96E1258DDA9200309886 /* Sources */ = {
			isa = PBXSourcesBuildPhase;
			buildActionMask = 2147483647;
			files = (
				7A6218292594938C00515688 /* VLazyListType.swift in Sources */,
				7A66895D2593AEF800A46F08 /* VPlainButtonStandard.swift in Sources */,
				7A08F85C259731E60049FB10 /* VTabNavigationViewAppearanceStandard.swift in Sources */,
				7A4D0C562594D30A00108575 /* VSquareButtonModelBordered.swift in Sources */,
				7A4D0C482594C84500108575 /* VSecondaryButtonBordered.swift in Sources */,
				7A259B6E259784CF00A12F8C /* VAlertDialogButton.swift in Sources */,
				7A4D0C3F2594C28A00108575 /* VSecondaryButtonFilled.swift in Sources */,
				7A621834259494CB00515688 /* VLazyListVertical.swift in Sources */,
				7AD809572594FF2F00DABE49 /* VSideBarStandard.swift in Sources */,
				7AD8095A2594FF3D00DABE49 /* VSideBarModelStandard.swift in Sources */,
				7A00733F258E2F000003F0E9 /* VSliderState.swift in Sources */,
				7A59959125924F6C0087902B /* VSheetType.swift in Sources */,
				7A3C1555258DE7B900CE1D96 /* VSpinnerType.swift in Sources */,
				7A8A972C258DDDA800309886 /* VPrimaryButtonState.swift in Sources */,
				7A48FDC9258DE48E00AA4D4D /* VSquareButtonStandardModel.swift in Sources */,
				7A007323258E27C40003F0E9 /* VPlainButtonModelStandard.swift in Sources */,
				7A259B652597828700A12F8C /* VAlertExtension.swift in Sources */,
				7A6689692593B0AC00A46F08 /* VSquareButtonStandard.swift in Sources */,
				7AC5060125911A0800226656 /* VSpinnerModelDashed.swift in Sources */,
				7A48FDC8258DE48E00AA4D4D /* VSquareButton.swift in Sources */,
				7ABEAA6A2593474C00A90B56 /* VSheetModelRoundCustom.swift in Sources */,
				7A4C431325923778000207DD /* VBaseViewModelLeading.swift in Sources */,
				7A8A73A02590CCAE001024FB /* VToggleSpacerView.swift in Sources */,
				7A6218382594956400515688 /* VLazyListHorizontal.swift in Sources */,
				7A8A972A258DDDA800309886 /* VPrimaryButtonType.swift in Sources */,
				7A3C1556258DE7B900CE1D96 /* VSpinner.swift in Sources */,
				7A860D46259312B100B19A53 /* SettingRootView.swift in Sources */,
				7A8A73A42590CDCE001024FB /* VToggleContentView.swift in Sources */,
				7A007352258E38E40003F0E9 /* FontBook.swift in Sources */,
				7A08F84825972DBC0049FB10 /* VTabNavigationViewType.swift in Sources */,
				7A00731F258E278F0003F0E9 /* VPlainButtonState.swift in Sources */,
				7A007358258E38E90003F0E9 /* ColorBook.swift in Sources */,
				7A4D0C442594C71D00108575 /* VSecondaryButtonModelBordered.swift in Sources */,
				7A62181725948BBC00515688 /* VBaseViewType.swift in Sources */,
				7A8A73872590BFFA001024FB /* VToggleModelStandard.swift in Sources */,
				7AE32A762593BD7900DFD0C3 /* VChevronButtonPlain.swift in Sources */,
				7A8A9729258DDDA800309886 /* VPrimaryButton.swift in Sources */,
				7AD809502594FDF900DABE49 /* VSideBarSwipeGesture.swift in Sources */,
				7A3C159B258E0A3D00CE1D96 /* VLazyListModelVertical.swift in Sources */,
				7A62182425948DE800515688 /* VBaseViewNavigationBarCenter.swift in Sources */,
				7A62182025948DAB00515688 /* VBaseViewModelCenter.swift in Sources */,
				7A59959425924FD00087902B /* VSheetModel.swift in Sources */,
				7AA9F3E425909E230060F210 /* VInteractiveView.swift in Sources */,
				7AD809472594FD9100DABE49 /* VSideBarExtension.swift in Sources */,
				7A6218302594943F00515688 /* VLazyListModelHorizontal.swift in Sources */,
				7A8A73832590BFE1001024FB /* VToggleStandard.swift in Sources */,
				7A8A745125910F89001024FB /* VSliderStandard.swift in Sources */,
				7A4D0C372594C0CE00108575 /* VSecondaryButtonState.swift in Sources */,
				7A08F858259731350049FB10 /* VTabNavigationView.swift in Sources */,
				7A4C43012592297F000207DD /* VBaseViewNavigationBarLeading.swift in Sources */,
				7A6218112594892500515688 /* VNavigationViewTransparentAppearance.swift in Sources */,
				7A3C1558258DE7B900CE1D96 /* VSpinnerContinous.swift in Sources */,
				7A4D0C292594B8BB00108575 /* VPrimaryButtonBordered.swift in Sources */,
				7AA9F3F92590A9270060F210 /* VPrimaryButtonLoaderCompensatorView.swift in Sources */,
				7A8A739A2590C72B001024FB /* VToggleSetting.swift in Sources */,
				7ABEAA622593466600A90B56 /* VSliderModelPlain.swift in Sources */,
				7A59958E25924F420087902B /* VSheet.swift in Sources */,
				7A4C42F4259228E8000207DD /* VNavigationView.swift in Sources */,
				7A4D0C3B2594C11100108575 /* VSecondaryButtonModelFilled.swift in Sources */,
				7AA499B8258F72C1002BD362 /* VToggleType.swift in Sources */,
				7A3C1565258DECF400CE1D96 /* VSlider.swift in Sources */,
				7A259B842597B2C600A12F8C /* VAlert.swift in Sources */,
				7A8A73922590C343001024FB /* VToggleToggleView.swift in Sources */,
				7A08F85F259732730049FB10 /* VTabNavigationViewStandard.swift in Sources */,
				7A4D0C2E2594C06A00108575 /* VSecondaryButton.swift in Sources */,
				7A599587259249BC0087902B /* VChevronButton.swift in Sources */,
				7AE32A722593BD3400DFD0C3 /* VChevronButtonModelPlain.swift in Sources */,
				7A259B7825979FC000A12F8C /* VAlertModelStandard.swift in Sources */,
				7A8A7448259109FD001024FB /* VSliderFrameView.swift in Sources */,
				7AD809432594FCF000DABE49 /* VSideBar.swift in Sources */,
				7A8A744D25910E46001024FB /* VSliderModelStandard.swift in Sources */,
				7A4C431A259237CA000207DD /* VNavigationViewNavigationBar.swift in Sources */,
				7AC5060725911A4000226656 /* VSpinnerDashed.swift in Sources */,
				7A48FDCA258DE48E00AA4D4D /* VSquareButtonState.swift in Sources */,
				7A259BBE2598FC7C00A12F8C /* VPrimaryButtonModelBordered.swift in Sources */,
				7A00736B258E47280003F0E9 /* VToggle.swift in Sources */,
				7A8A73962590C6DF001024FB /* VToggleModelSetting.swift in Sources */,
				7A08F851259730B50049FB10 /* VTabNavigationViewPage.swift in Sources */,
				7A4C4317259237BB000207DD /* VNavigationViewModelFilled.swift in Sources */,
				7A860D4C259315C900B19A53 /* VChevronButtonDirection.swift in Sources */,
				7A3C1584258DFF5A00CE1D96 /* VLazyList.swift in Sources */,
				7AD809532594FE1600DABE49 /* VSideBarType.swift in Sources */,
				7A860D5225931B3C00B19A53 /* VChevronButtonState.swift in Sources */,
				7AA9F4012590AA8A0060F210 /* VGenericButtonContentView.swift in Sources */,
				7A4D0C5A2594D34200108575 /* VSquareButtonBordered.swift in Sources */,
				7A259B682597834100A12F8C /* VAlertType.swift in Sources */,
				7A6689632593B05B00A46F08 /* VSquareButtonType.swift in Sources */,
				7A4C4304259229B2000207DD /* VBaseViewSwipeGesture.swift in Sources */,
				7A8A7467259118DF001024FB /* VSpinnerModelContinous.swift in Sources */,
				7AA9F4262590B1040060F210 /* VPrimaryButtonFilled.swift in Sources */,
				7A4D0C342594C0A300108575 /* VSecondaryButtonType.swift in Sources */,
				7AE32A4C2593B90400DFD0C3 /* VChevronButtonFilled.swift in Sources */,
				7A08F84E25972EB40049FB10 /* VTabNavigationViewModelStandard.swift in Sources */,
				7A259B6B259783A100A12F8C /* VAlertDialogType.swift in Sources */,
				7ABEAA5F2593465000A90B56 /* VSliderPlain.swift in Sources */,
				7A007375258E75DF0003F0E9 /* VToggleState.swift in Sources */,
				7AA499CA258F82D2002BD362 /* VSliderType.swift in Sources */,
				7A6218022594878900515688 /* VNavigationViewType.swift in Sources */,
				7AE32A472593B89300DFD0C3 /* VChevronButtonType.swift in Sources */,
				7A59957E2592442A0087902B /* VNavigationViewAppearanceFilled.swift in Sources */,
				7A259B7325979F9300A12F8C /* VAlertPresenter.swift in Sources */,
				7A8A971F258DDD8400309886 /* ViewExtensions.swift in Sources */,
				7AA9F3FD2590A9BC0060F210 /* VPrimaryButtonLoaderView.swift in Sources */,
				7A62180C259488D700515688 /* VNavigationViewTransparentModel.swift in Sources */,
				7A259BC12598FC8900A12F8C /* VPrimaryButtonModelFilled.swift in Sources */,
				7A4C42F825922914000207DD /* VBaseView.swift in Sources */,
				7A860D4F2593169600B19A53 /* VChevronButtonModelFilled.swift in Sources */,
				7A00731B258E27490003F0E9 /* VPlainButton.swift in Sources */,
				7A6689502593AE0200A46F08 /* VPlainButtonType.swift in Sources */,
			);
			runOnlyForDeploymentPostprocessing = 0;
		};
		7A8A96F5258DDC7800309886 /* Sources */ = {
			isa = PBXSourcesBuildPhase;
			buildActionMask = 2147483647;
			files = (
				7A8A96FC258DDC7800309886 /* AppDelegate.swift in Sources */,
				7A4C4344259242B7000207DD /* SceneDelegateExtensions.swift in Sources */,
				7A3C157F258DFCAA00CE1D96 /* VSliderDemoView.swift in Sources */,
				7A599581259245660087902B /* BaseDemoView.swift in Sources */,
				7A8A9744258DDF4200309886 /* DemoRowView.swift in Sources */,
				7AD809612595073C00DABE49 /* VSideBarDemoView.swift in Sources */,
				7A2D6F30259734CB005513A7 /* VTabNavigationViewDemoView.swift in Sources */,
				7A8A96FE258DDC7800309886 /* SceneDelegate.swift in Sources */,
				7A48FDDE258DE58800AA4D4D /* VCircularButtonDemoView.swift in Sources */,
				7A8A9739258DDEEE00309886 /* VPrimaryButtonDemoView.swift in Sources */,
				7ABEAA7325934E5100A90B56 /* VNavigationViewDemoView.swift in Sources */,
				7A3C154D258DE69900CE1D96 /* ToggleSettingView.swift in Sources */,
				7ABEAADC2593969E00A90B56 /* VLazyListDemoView.swift in Sources */,
				7ABEAA4F2593423400A90B56 /* VSheetDemoView.swift in Sources */,
				7A3C1560258DE7F400CE1D96 /* VSpinnerDemoView.swift in Sources */,
				7A00737F258E7C7A0003F0E9 /* VToggleDemoView.swift in Sources */,
				7A4D0C4C2594C91400108575 /* VSecondaryButtonDemoView.swift in Sources */,
				7A3C1543258DE65F00CE1D96 /* ViewExtensions.swift in Sources */,
				7A4D0C1525949FF700108575 /* HomeSectionView.swift in Sources */,
				7A8A9700258DDC7800309886 /* HomeView.swift in Sources */,
				7A00732F258E2B7D0003F0E9 /* VPlainButtonDemoView.swift in Sources */,
				7ABEA9DC259326EA00A90B56 /* VChevronButtonDemoView.swift in Sources */,
				7ABEAA6E2593493900A90B56 /* VInteractiveViewDemoView.swift in Sources */,
				7ABEAA76259357A200A90B56 /* VBaseViewDemoView.swift in Sources */,
				7AE6078325926994009CDB28 /* HomeRowView.swift in Sources */,
			);
			runOnlyForDeploymentPostprocessing = 0;
		};
/* End PBXSourcesBuildPhase section */

/* Begin PBXTargetDependency section */
		7A4C42892591FB5B000207DD /* PBXTargetDependency */ = {
			isa = PBXTargetDependency;
			target = 7A8A96E4258DDA9200309886 /* VComponents */;
			targetProxy = 7A4C42882591FB5B000207DD /* PBXContainerItemProxy */;
		};
/* End PBXTargetDependency section */

/* Begin PBXVariantGroup section */
		7A8A9706258DDC7A00309886 /* LaunchScreen.storyboard */ = {
			isa = PBXVariantGroup;
			children = (
				7A8A9707258DDC7A00309886 /* Base */,
			);
			name = LaunchScreen.storyboard;
			sourceTree = "<group>";
		};
/* End PBXVariantGroup section */

/* Begin XCBuildConfiguration section */
		7A8A96EB258DDA9200309886 /* Debug */ = {
			isa = XCBuildConfiguration;
			buildSettings = {
				ALWAYS_SEARCH_USER_PATHS = NO;
				CLANG_ANALYZER_NONNULL = YES;
				CLANG_ANALYZER_NUMBER_OBJECT_CONVERSION = YES_AGGRESSIVE;
				CLANG_CXX_LANGUAGE_STANDARD = "gnu++14";
				CLANG_CXX_LIBRARY = "libc++";
				CLANG_ENABLE_MODULES = YES;
				CLANG_ENABLE_OBJC_ARC = YES;
				CLANG_ENABLE_OBJC_WEAK = YES;
				CLANG_WARN_BLOCK_CAPTURE_AUTORELEASING = YES;
				CLANG_WARN_BOOL_CONVERSION = YES;
				CLANG_WARN_COMMA = YES;
				CLANG_WARN_CONSTANT_CONVERSION = YES;
				CLANG_WARN_DEPRECATED_OBJC_IMPLEMENTATIONS = YES;
				CLANG_WARN_DIRECT_OBJC_ISA_USAGE = YES_ERROR;
				CLANG_WARN_DOCUMENTATION_COMMENTS = YES;
				CLANG_WARN_EMPTY_BODY = YES;
				CLANG_WARN_ENUM_CONVERSION = YES;
				CLANG_WARN_INFINITE_RECURSION = YES;
				CLANG_WARN_INT_CONVERSION = YES;
				CLANG_WARN_NON_LITERAL_NULL_CONVERSION = YES;
				CLANG_WARN_OBJC_IMPLICIT_RETAIN_SELF = YES;
				CLANG_WARN_OBJC_LITERAL_CONVERSION = YES;
				CLANG_WARN_OBJC_ROOT_CLASS = YES_ERROR;
				CLANG_WARN_QUOTED_INCLUDE_IN_FRAMEWORK_HEADER = YES;
				CLANG_WARN_RANGE_LOOP_ANALYSIS = YES;
				CLANG_WARN_STRICT_PROTOTYPES = YES;
				CLANG_WARN_SUSPICIOUS_MOVE = YES;
				CLANG_WARN_UNGUARDED_AVAILABILITY = YES_AGGRESSIVE;
				CLANG_WARN_UNREACHABLE_CODE = YES;
				CLANG_WARN__DUPLICATE_METHOD_MATCH = YES;
				COPY_PHASE_STRIP = NO;
				CURRENT_PROJECT_VERSION = 1;
				DEBUG_INFORMATION_FORMAT = dwarf;
				ENABLE_STRICT_OBJC_MSGSEND = YES;
				ENABLE_TESTABILITY = YES;
				GCC_C_LANGUAGE_STANDARD = gnu11;
				GCC_DYNAMIC_NO_PIC = NO;
				GCC_NO_COMMON_BLOCKS = YES;
				GCC_OPTIMIZATION_LEVEL = 0;
				GCC_PREPROCESSOR_DEFINITIONS = (
					"DEBUG=1",
					"$(inherited)",
				);
				GCC_WARN_64_TO_32_BIT_CONVERSION = YES;
				GCC_WARN_ABOUT_RETURN_TYPE = YES_ERROR;
				GCC_WARN_UNDECLARED_SELECTOR = YES;
				GCC_WARN_UNINITIALIZED_AUTOS = YES_AGGRESSIVE;
				GCC_WARN_UNUSED_FUNCTION = YES;
				GCC_WARN_UNUSED_VARIABLE = YES;
				IPHONEOS_DEPLOYMENT_TARGET = 14.3;
				MTL_ENABLE_DEBUG_INFO = INCLUDE_SOURCE;
				MTL_FAST_MATH = YES;
				ONLY_ACTIVE_ARCH = YES;
				SDKROOT = iphoneos;
				SWIFT_ACTIVE_COMPILATION_CONDITIONS = DEBUG;
				SWIFT_OPTIMIZATION_LEVEL = "-Onone";
				VERSIONING_SYSTEM = "apple-generic";
				VERSION_INFO_PREFIX = "";
			};
			name = Debug;
		};
		7A8A96EC258DDA9200309886 /* Release */ = {
			isa = XCBuildConfiguration;
			buildSettings = {
				ALWAYS_SEARCH_USER_PATHS = NO;
				CLANG_ANALYZER_NONNULL = YES;
				CLANG_ANALYZER_NUMBER_OBJECT_CONVERSION = YES_AGGRESSIVE;
				CLANG_CXX_LANGUAGE_STANDARD = "gnu++14";
				CLANG_CXX_LIBRARY = "libc++";
				CLANG_ENABLE_MODULES = YES;
				CLANG_ENABLE_OBJC_ARC = YES;
				CLANG_ENABLE_OBJC_WEAK = YES;
				CLANG_WARN_BLOCK_CAPTURE_AUTORELEASING = YES;
				CLANG_WARN_BOOL_CONVERSION = YES;
				CLANG_WARN_COMMA = YES;
				CLANG_WARN_CONSTANT_CONVERSION = YES;
				CLANG_WARN_DEPRECATED_OBJC_IMPLEMENTATIONS = YES;
				CLANG_WARN_DIRECT_OBJC_ISA_USAGE = YES_ERROR;
				CLANG_WARN_DOCUMENTATION_COMMENTS = YES;
				CLANG_WARN_EMPTY_BODY = YES;
				CLANG_WARN_ENUM_CONVERSION = YES;
				CLANG_WARN_INFINITE_RECURSION = YES;
				CLANG_WARN_INT_CONVERSION = YES;
				CLANG_WARN_NON_LITERAL_NULL_CONVERSION = YES;
				CLANG_WARN_OBJC_IMPLICIT_RETAIN_SELF = YES;
				CLANG_WARN_OBJC_LITERAL_CONVERSION = YES;
				CLANG_WARN_OBJC_ROOT_CLASS = YES_ERROR;
				CLANG_WARN_QUOTED_INCLUDE_IN_FRAMEWORK_HEADER = YES;
				CLANG_WARN_RANGE_LOOP_ANALYSIS = YES;
				CLANG_WARN_STRICT_PROTOTYPES = YES;
				CLANG_WARN_SUSPICIOUS_MOVE = YES;
				CLANG_WARN_UNGUARDED_AVAILABILITY = YES_AGGRESSIVE;
				CLANG_WARN_UNREACHABLE_CODE = YES;
				CLANG_WARN__DUPLICATE_METHOD_MATCH = YES;
				COPY_PHASE_STRIP = NO;
				CURRENT_PROJECT_VERSION = 1;
				DEBUG_INFORMATION_FORMAT = "dwarf-with-dsym";
				ENABLE_NS_ASSERTIONS = NO;
				ENABLE_STRICT_OBJC_MSGSEND = YES;
				GCC_C_LANGUAGE_STANDARD = gnu11;
				GCC_NO_COMMON_BLOCKS = YES;
				GCC_WARN_64_TO_32_BIT_CONVERSION = YES;
				GCC_WARN_ABOUT_RETURN_TYPE = YES_ERROR;
				GCC_WARN_UNDECLARED_SELECTOR = YES;
				GCC_WARN_UNINITIALIZED_AUTOS = YES_AGGRESSIVE;
				GCC_WARN_UNUSED_FUNCTION = YES;
				GCC_WARN_UNUSED_VARIABLE = YES;
				IPHONEOS_DEPLOYMENT_TARGET = 14.3;
				MTL_ENABLE_DEBUG_INFO = NO;
				MTL_FAST_MATH = YES;
				SDKROOT = iphoneos;
				SWIFT_COMPILATION_MODE = wholemodule;
				SWIFT_OPTIMIZATION_LEVEL = "-O";
				VALIDATE_PRODUCT = YES;
				VERSIONING_SYSTEM = "apple-generic";
				VERSION_INFO_PREFIX = "";
			};
			name = Release;
		};
		7A8A96EE258DDA9200309886 /* Debug */ = {
			isa = XCBuildConfiguration;
			buildSettings = {
				CLANG_ENABLE_MODULES = YES;
				CODE_SIGN_STYLE = Automatic;
				DEFINES_MODULE = YES;
				DEVELOPMENT_TEAM = XRWP42VX24;
				DYLIB_COMPATIBILITY_VERSION = 1;
				DYLIB_CURRENT_VERSION = 1;
				DYLIB_INSTALL_NAME_BASE = "@rpath";
				EMBED_ASSET_PACKS_IN_PRODUCT_BUNDLE = NO;
				INFOPLIST_FILE = VComponents/Info.plist;
				INSTALL_PATH = "$(LOCAL_LIBRARY_DIR)/Frameworks";
				IPHONEOS_DEPLOYMENT_TARGET = 14.0;
				LD_RUNPATH_SEARCH_PATHS = (
					"$(inherited)",
					"@executable_path/Frameworks",
					"@loader_path/Frameworks",
				);
				PRODUCT_BUNDLE_IDENTIFIER = "com.vakhtang-kontridze.VComponents";
				PRODUCT_NAME = "$(TARGET_NAME:c99extidentifier)";
				SKIP_INSTALL = YES;
				SWIFT_OPTIMIZATION_LEVEL = "-Onone";
				SWIFT_VERSION = 5.0;
				TARGETED_DEVICE_FAMILY = "1,2";
			};
			name = Debug;
		};
		7A8A96EF258DDA9200309886 /* Release */ = {
			isa = XCBuildConfiguration;
			buildSettings = {
				CLANG_ENABLE_MODULES = YES;
				CODE_SIGN_STYLE = Automatic;
				DEFINES_MODULE = YES;
				DEVELOPMENT_TEAM = XRWP42VX24;
				DYLIB_COMPATIBILITY_VERSION = 1;
				DYLIB_CURRENT_VERSION = 1;
				DYLIB_INSTALL_NAME_BASE = "@rpath";
				EMBED_ASSET_PACKS_IN_PRODUCT_BUNDLE = NO;
				INFOPLIST_FILE = VComponents/Info.plist;
				INSTALL_PATH = "$(LOCAL_LIBRARY_DIR)/Frameworks";
				IPHONEOS_DEPLOYMENT_TARGET = 14.0;
				LD_RUNPATH_SEARCH_PATHS = (
					"$(inherited)",
					"@executable_path/Frameworks",
					"@loader_path/Frameworks",
				);
				PRODUCT_BUNDLE_IDENTIFIER = "com.vakhtang-kontridze.VComponents";
				PRODUCT_NAME = "$(TARGET_NAME:c99extidentifier)";
				SKIP_INSTALL = YES;
				SWIFT_VERSION = 5.0;
				TARGETED_DEVICE_FAMILY = "1,2";
			};
			name = Release;
		};
		7A8A970A258DDC7A00309886 /* Debug */ = {
			isa = XCBuildConfiguration;
			buildSettings = {
				ASSETCATALOG_COMPILER_APPICON_NAME = AppIcon;
				ASSETCATALOG_COMPILER_GLOBAL_ACCENT_COLOR_NAME = AccentColor;
				CODE_SIGN_STYLE = Automatic;
				DEVELOPMENT_ASSET_PATHS = "\"VComponentsDemo/Preview Content\"";
				DEVELOPMENT_TEAM = XRWP42VX24;
				ENABLE_PREVIEWS = YES;
				INFOPLIST_FILE = VComponentsDemo/Info.plist;
				IPHONEOS_DEPLOYMENT_TARGET = 14.0;
				LD_RUNPATH_SEARCH_PATHS = (
					"$(inherited)",
					"@executable_path/Frameworks",
				);
				PRODUCT_BUNDLE_IDENTIFIER = "com.vakhtang-kontridze.VComponentsDemo";
				PRODUCT_NAME = "$(TARGET_NAME)";
				SWIFT_VERSION = 5.0;
				TARGETED_DEVICE_FAMILY = "1,2";
			};
			name = Debug;
		};
		7A8A970B258DDC7A00309886 /* Release */ = {
			isa = XCBuildConfiguration;
			buildSettings = {
				ASSETCATALOG_COMPILER_APPICON_NAME = AppIcon;
				ASSETCATALOG_COMPILER_GLOBAL_ACCENT_COLOR_NAME = AccentColor;
				CODE_SIGN_STYLE = Automatic;
				DEVELOPMENT_ASSET_PATHS = "\"VComponentsDemo/Preview Content\"";
				DEVELOPMENT_TEAM = XRWP42VX24;
				ENABLE_PREVIEWS = YES;
				INFOPLIST_FILE = VComponentsDemo/Info.plist;
				IPHONEOS_DEPLOYMENT_TARGET = 14.0;
				LD_RUNPATH_SEARCH_PATHS = (
					"$(inherited)",
					"@executable_path/Frameworks",
				);
				PRODUCT_BUNDLE_IDENTIFIER = "com.vakhtang-kontridze.VComponentsDemo";
				PRODUCT_NAME = "$(TARGET_NAME)";
				SWIFT_VERSION = 5.0;
				TARGETED_DEVICE_FAMILY = "1,2";
			};
			name = Release;
		};
/* End XCBuildConfiguration section */

/* Begin XCConfigurationList section */
		7A8A96DF258DDA9200309886 /* Build configuration list for PBXProject "VComponents" */ = {
			isa = XCConfigurationList;
			buildConfigurations = (
				7A8A96EB258DDA9200309886 /* Debug */,
				7A8A96EC258DDA9200309886 /* Release */,
			);
			defaultConfigurationIsVisible = 0;
			defaultConfigurationName = Release;
		};
		7A8A96ED258DDA9200309886 /* Build configuration list for PBXNativeTarget "VComponents" */ = {
			isa = XCConfigurationList;
			buildConfigurations = (
				7A8A96EE258DDA9200309886 /* Debug */,
				7A8A96EF258DDA9200309886 /* Release */,
			);
			defaultConfigurationIsVisible = 0;
			defaultConfigurationName = Release;
		};
		7A8A970C258DDC7A00309886 /* Build configuration list for PBXNativeTarget "VComponentsDemo" */ = {
			isa = XCConfigurationList;
			buildConfigurations = (
				7A8A970A258DDC7A00309886 /* Debug */,
				7A8A970B258DDC7A00309886 /* Release */,
			);
			defaultConfigurationIsVisible = 0;
			defaultConfigurationName = Release;
		};
/* End XCConfigurationList section */
	};
	rootObject = 7A8A96DC258DDA9200309886 /* Project object */;
}
